// !$*UTF8*$!
{
	archiveVersion = 1;
	classes = {
	};
	objectVersion = 46;
	objects = {

/* Begin PBXBuildFile section */
		01119DEB17E2A85800D96130 /* GetInvolvedViewController.m in Sources */ = {isa = PBXBuildFile; fileRef = 01119DEA17E2A85800D96130 /* GetInvolvedViewController.m */; };
		01119DEE17E2A8BF00D96130 /* MoreViewController.m in Sources */ = {isa = PBXBuildFile; fileRef = 01119DED17E2A8BF00D96130 /* MoreViewController.m */; };
		013C1B2817EDCB180083D177 /* sample_video.m4v in Resources */ = {isa = PBXBuildFile; fileRef = 013C1B2717EDCB180083D177 /* sample_video.m4v */; };
		013C1B2A17EDCB820083D177 /* play_icon.png in Resources */ = {isa = PBXBuildFile; fileRef = 013C1B2917EDCB820083D177 /* play_icon.png */; };
		013C1B2C17EDCE1C0083D177 /* MediaPlayer.framework in Frameworks */ = {isa = PBXBuildFile; fileRef = 013C1B2B17EDCE1C0083D177 /* MediaPlayer.framework */; };
		013C1B3017EE18C10083D177 /* youtube-logo-35px.jpg in Resources */ = {isa = PBXBuildFile; fileRef = 013C1B2D17EE18C10083D177 /* youtube-logo-35px.jpg */; };
		013C1B3117EE18C10083D177 /* facebook-logo-35px.png in Resources */ = {isa = PBXBuildFile; fileRef = 013C1B2E17EE18C10083D177 /* facebook-logo-35px.png */; };
		013C1B3217EE18C10083D177 /* twitter-logo-35px.png in Resources */ = {isa = PBXBuildFile; fileRef = 013C1B2F17EE18C10083D177 /* twitter-logo-35px.png */; };
		013C1B3717EE1BFC0083D177 /* email-envelope-35px.png in Resources */ = {isa = PBXBuildFile; fileRef = 013C1B3317EE1BFC0083D177 /* email-envelope-35px.png */; };
		013C1B3817EE1BFC0083D177 /* ie-35px.png in Resources */ = {isa = PBXBuildFile; fileRef = 013C1B3417EE1BFC0083D177 /* ie-35px.png */; };
		013C1B3917EE1BFC0083D177 /* phone-35px.jpg in Resources */ = {isa = PBXBuildFile; fileRef = 013C1B3517EE1BFC0083D177 /* phone-35px.jpg */; };
		013C1B3A17EE1BFC0083D177 /* home-35px.png in Resources */ = {isa = PBXBuildFile; fileRef = 013C1B3617EE1BFC0083D177 /* home-35px.png */; };
		013C1B3E17EF88A40083D177 /* twitter-icon-110px.png in Resources */ = {isa = PBXBuildFile; fileRef = 013C1B3B17EF88A40083D177 /* twitter-icon-110px.png */; };
		013C1B3F17EF88A40083D177 /* youtube-icon-110px.png in Resources */ = {isa = PBXBuildFile; fileRef = 013C1B3C17EF88A40083D177 /* youtube-icon-110px.png */; };
		013C1B4017EF88A40083D177 /* facebook-icon-110px.png in Resources */ = {isa = PBXBuildFile; fileRef = 013C1B3D17EF88A40083D177 /* facebook-icon-110px.png */; };
		013C1B4517EF8D330083D177 /* pin-icon-110px.png in Resources */ = {isa = PBXBuildFile; fileRef = 013C1B4117EF8D330083D177 /* pin-icon-110px.png */; };
		013C1B4617EF8D330083D177 /* internet-icon-110px.png in Resources */ = {isa = PBXBuildFile; fileRef = 013C1B4217EF8D330083D177 /* internet-icon-110px.png */; };
		013C1B4717EF8D330083D177 /* phone-icon-110px.png in Resources */ = {isa = PBXBuildFile; fileRef = 013C1B4317EF8D330083D177 /* phone-icon-110px.png */; };
		013C1B4817EF8D330083D177 /* email-icon-110px.png in Resources */ = {isa = PBXBuildFile; fileRef = 013C1B4417EF8D330083D177 /* email-icon-110px.png */; };
		013C1B5117EF95B30083D177 /* IPadViewController.m in Sources */ = {isa = PBXBuildFile; fileRef = 013C1B5017EF95B30083D177 /* IPadViewController.m */; };
		013C1B5217EF96A90083D177 /* IPadViewController.m in Sources */ = {isa = PBXBuildFile; fileRef = 013C1B5017EF95B30083D177 /* IPadViewController.m */; };
		013C1B5517EFA4FD0083D177 /* VotdViewController.m in Sources */ = {isa = PBXBuildFile; fileRef = 013C1B5417EFA4FD0083D177 /* VotdViewController.m */; };
		013F393E17E929DA006B5C6C /* AVFoundation.framework in Frameworks */ = {isa = PBXBuildFile; fileRef = 013F393D17E929DA006B5C6C /* AVFoundation.framework */; };
		013F394017E929E1006B5C6C /* AudioToolbox.framework in Frameworks */ = {isa = PBXBuildFile; fileRef = 013F393F17E929E1006B5C6C /* AudioToolbox.framework */; };
		013F394217E929EA006B5C6C /* CoreMedia.framework in Frameworks */ = {isa = PBXBuildFile; fileRef = 013F394117E929EA006B5C6C /* CoreMedia.framework */; };
		013F394417E929F6006B5C6C /* CoreVideo.framework in Frameworks */ = {isa = PBXBuildFile; fileRef = 013F394317E929F6006B5C6C /* CoreVideo.framework */; };
		013F394617E929FF006B5C6C /* libxml2.dylib in Frameworks */ = {isa = PBXBuildFile; fileRef = 013F394517E929FF006B5C6C /* libxml2.dylib */; };
		013F394817E92A09006B5C6C /* MessageUI.framework in Frameworks */ = {isa = PBXBuildFile; fileRef = 013F394717E92A09006B5C6C /* MessageUI.framework */; };
		013F394A17E92A19006B5C6C /* MobileCoreServices.framework in Frameworks */ = {isa = PBXBuildFile; fileRef = 013F394917E92A19006B5C6C /* MobileCoreServices.framework */; };
		013F394C17E92A22006B5C6C /* OpenGLES.framework in Frameworks */ = {isa = PBXBuildFile; fileRef = 013F394B17E92A22006B5C6C /* OpenGLES.framework */; };
		013F394E17E92A30006B5C6C /* QuartzCore.framework in Frameworks */ = {isa = PBXBuildFile; fileRef = 013F394D17E92A30006B5C6C /* QuartzCore.framework */; };
		013F395017E92A39006B5C6C /* Security.framework in Frameworks */ = {isa = PBXBuildFile; fileRef = 013F394F17E92A39006B5C6C /* Security.framework */; };
		013F395917E934CE006B5C6C /* libPayPalMobile.a in Frameworks */ = {isa = PBXBuildFile; fileRef = 013F395417E934CE006B5C6C /* libPayPalMobile.a */; };
		013F395A17E934F5006B5C6C /* libPayPalMobile.a in Frameworks */ = {isa = PBXBuildFile; fileRef = 013F395417E934CE006B5C6C /* libPayPalMobile.a */; };
		013F395C17E9394C006B5C6C /* SystemConfiguration.framework in Frameworks */ = {isa = PBXBuildFile; fileRef = 013F395B17E9394C006B5C6C /* SystemConfiguration.framework */; };
		013F395E17E93BE7006B5C6C /* paypal-logo.png in Resources */ = {isa = PBXBuildFile; fileRef = 013F395D17E93BE7006B5C6C /* paypal-logo.png */; };
		013F395F17E93BE7006B5C6C /* paypal-logo.png in Resources */ = {isa = PBXBuildFile; fileRef = 013F395D17E93BE7006B5C6C /* paypal-logo.png */; };
		0143427817E15B3200BCE1F2 /* UIKit.framework in Frameworks */ = {isa = PBXBuildFile; fileRef = 0143427717E15B3200BCE1F2 /* UIKit.framework */; };
		0143427A17E15B3200BCE1F2 /* Foundation.framework in Frameworks */ = {isa = PBXBuildFile; fileRef = 0143427917E15B3200BCE1F2 /* Foundation.framework */; };
		0143427C17E15B3200BCE1F2 /* CoreGraphics.framework in Frameworks */ = {isa = PBXBuildFile; fileRef = 0143427B17E15B3200BCE1F2 /* CoreGraphics.framework */; };
		0143428217E15B3200BCE1F2 /* InfoPlist.strings in Resources */ = {isa = PBXBuildFile; fileRef = 0143428017E15B3200BCE1F2 /* InfoPlist.strings */; };
		0143428417E15B3200BCE1F2 /* main.m in Sources */ = {isa = PBXBuildFile; fileRef = 0143428317E15B3200BCE1F2 /* main.m */; };
		0143428817E15B3200BCE1F2 /* AppDelegate.m in Sources */ = {isa = PBXBuildFile; fileRef = 0143428717E15B3200BCE1F2 /* AppDelegate.m */; };
		0143429117E15B3200BCE1F2 /* MainStoryboard_iPhone.storyboard in Resources */ = {isa = PBXBuildFile; fileRef = 0143428F17E15B3200BCE1F2 /* MainStoryboard_iPhone.storyboard */; };
		0143429417E15B3200BCE1F2 /* MainStoryboard_iPad.storyboard in Resources */ = {isa = PBXBuildFile; fileRef = 0143429217E15B3200BCE1F2 /* MainStoryboard_iPad.storyboard */; };
		0143429917E15B3200BCE1F2 /* first.png in Resources */ = {isa = PBXBuildFile; fileRef = 0143429817E15B3200BCE1F2 /* first.png */; };
		0143429B17E15B3200BCE1F2 /* first@2x.png in Resources */ = {isa = PBXBuildFile; fileRef = 0143429A17E15B3200BCE1F2 /* first@2x.png */; };
		014342A017E15B3200BCE1F2 /* second.png in Resources */ = {isa = PBXBuildFile; fileRef = 0143429F17E15B3200BCE1F2 /* second.png */; };
		014342A217E15B3200BCE1F2 /* second@2x.png in Resources */ = {isa = PBXBuildFile; fileRef = 014342A117E15B3200BCE1F2 /* second@2x.png */; };
		014342AA17E15B3200BCE1F2 /* SenTestingKit.framework in Frameworks */ = {isa = PBXBuildFile; fileRef = 014342A917E15B3200BCE1F2 /* SenTestingKit.framework */; };
		014342AB17E15B3200BCE1F2 /* UIKit.framework in Frameworks */ = {isa = PBXBuildFile; fileRef = 0143427717E15B3200BCE1F2 /* UIKit.framework */; };
		014342AC17E15B3200BCE1F2 /* Foundation.framework in Frameworks */ = {isa = PBXBuildFile; fileRef = 0143427917E15B3200BCE1F2 /* Foundation.framework */; };
		014342B417E15B3200BCE1F2 /* InfoPlist.strings in Resources */ = {isa = PBXBuildFile; fileRef = 014342B217E15B3200BCE1F2 /* InfoPlist.strings */; };
		014342B717E15B3200BCE1F2 /* ABN_IOS_APPTests.m in Sources */ = {isa = PBXBuildFile; fileRef = 014342B617E15B3200BCE1F2 /* ABN_IOS_APPTests.m */; };
		015A340F17E7C583007D83C2 /* facebook-logo-75px.png in Resources */ = {isa = PBXBuildFile; fileRef = 015A340E17E7C583007D83C2 /* facebook-logo-75px.png */; };
		015A341117E7C5F4007D83C2 /* youtube-logo-75px.jpg in Resources */ = {isa = PBXBuildFile; fileRef = 015A341017E7C5F4007D83C2 /* youtube-logo-75px.jpg */; };
		015A341317E7C62D007D83C2 /* twitter-logo-75px.png in Resources */ = {isa = PBXBuildFile; fileRef = 015A341217E7C62D007D83C2 /* twitter-logo-75px.png */; };
		015A341517E7C928007D83C2 /* youtube-thumb.png in Resources */ = {isa = PBXBuildFile; fileRef = 015A341417E7C928007D83C2 /* youtube-thumb.png */; };
		015A341B17E7CA64007D83C2 /* donate-thumb@2x.png in Resources */ = {isa = PBXBuildFile; fileRef = 015A341917E7CA64007D83C2 /* donate-thumb@2x.png */; };
		015A341D17E7CA9F007D83C2 /* donate-thumb.png in Resources */ = {isa = PBXBuildFile; fileRef = 015A341C17E7CA9F007D83C2 /* donate-thumb.png */; };
		01C4FA8C17E5F829002F3858 /* ContactUsViewController.m in Sources */ = {isa = PBXBuildFile; fileRef = 01C4FA8B17E5F829002F3858 /* ContactUsViewController.m */; };
		01C4FA9117E64B38002F3858 /* forward.button.red.png in Resources */ = {isa = PBXBuildFile; fileRef = 01C4FA8D17E64B38002F3858 /* forward.button.red.png */; };
		01C4FA9217E64B38002F3858 /* forward.button.grey.png in Resources */ = {isa = PBXBuildFile; fileRef = 01C4FA8E17E64B38002F3858 /* forward.button.grey.png */; };
		01C4FA9317E64B38002F3858 /* back.button.red.png in Resources */ = {isa = PBXBuildFile; fileRef = 01C4FA8F17E64B38002F3858 /* back.button.red.png */; };
		01C4FA9817E64D03002F3858 /* back.button.grey.png in Resources */ = {isa = PBXBuildFile; fileRef = 01C4FA9717E64D03002F3858 /* back.button.grey.png */; };
		01C4FA9A17E65568002F3858 /* cloud-air-backdrop.jpg in Resources */ = {isa = PBXBuildFile; fileRef = 01C4FA9917E65568002F3858 /* cloud-air-backdrop.jpg */; };
		01D5C9E217E28E1C00BA90A4 /* abn-globe-logo.png in Resources */ = {isa = PBXBuildFile; fileRef = 01D5C9E117E28E1C00BA90A4 /* abn-globe-logo.png */; };
		01D5C9E617E2904300BA90A4 /* contact-thumbnail.png in Resources */ = {isa = PBXBuildFile; fileRef = 01D5C9E517E2904300BA90A4 /* contact-thumbnail.png */; };
		01D5C9E817E290A400BA90A4 /* watch-thumbnail.png in Resources */ = {isa = PBXBuildFile; fileRef = 01D5C9E717E290A400BA90A4 /* watch-thumbnail.png */; };
		01D5C9EA17E290E000BA90A4 /* youtube-thumbnail.png in Resources */ = {isa = PBXBuildFile; fileRef = 01D5C9E917E290E000BA90A4 /* youtube-thumbnail.png */; };
		01D5C9EC17E2911E00BA90A4 /* elipses-thumbnail.png in Resources */ = {isa = PBXBuildFile; fileRef = 01D5C9EB17E2911E00BA90A4 /* elipses-thumbnail.png */; };
		01D5C9F717E2971500BA90A4 /* contact-thumb@2x.png in Resources */ = {isa = PBXBuildFile; fileRef = 01D5C9ED17E2971500BA90A4 /* contact-thumb@2x.png */; };
		01D5C9F817E2971500BA90A4 /* contact-thumb.png in Resources */ = {isa = PBXBuildFile; fileRef = 01D5C9EE17E2971500BA90A4 /* contact-thumb.png */; };
		01D5C9FB17E2971500BA90A4 /* elipses-thumb@2x.png in Resources */ = {isa = PBXBuildFile; fileRef = 01D5C9F117E2971500BA90A4 /* elipses-thumb@2x.png */; };
		01D5C9FC17E2971500BA90A4 /* elipses-thumb.png in Resources */ = {isa = PBXBuildFile; fileRef = 01D5C9F217E2971500BA90A4 /* elipses-thumb.png */; };
		01D5C9FD17E2971500BA90A4 /* watch-thumb@2x.png in Resources */ = {isa = PBXBuildFile; fileRef = 01D5C9F317E2971500BA90A4 /* watch-thumb@2x.png */; };
		01D5C9FE17E2971500BA90A4 /* watch-thumb.png in Resources */ = {isa = PBXBuildFile; fileRef = 01D5C9F417E2971500BA90A4 /* watch-thumb.png */; };
		01D5C9FF17E2971500BA90A4 /* youtube-thumb@2x.png in Resources */ = {isa = PBXBuildFile; fileRef = 01D5C9F517E2971500BA90A4 /* youtube-thumb@2x.png */; };
		01D5CA0B17E2A1EA00BA90A4 /* WatchViewController.m in Sources */ = {isa = PBXBuildFile; fileRef = 01D5CA0A17E2A1EA00BA90A4 /* WatchViewController.m */; };
		01D5CA0E17E2A38800BA90A4 /* YouTubeChannelViewController.m in Sources */ = {isa = PBXBuildFile; fileRef = 01D5CA0D17E2A38800BA90A4 /* YouTubeChannelViewController.m */; };
		01DFE9EB17E7CF7500D1122A /* bassim-and-haifa.jpg in Resources */ = {isa = PBXBuildFile; fileRef = 01DFE9EA17E7CF7500D1122A /* bassim-and-haifa.jpg */; };
		01DFE9F117E7D84200D1122A /* MeetTheFoundersViewController.m in Sources */ = {isa = PBXBuildFile; fileRef = 01DFE9F017E7D84200D1122A /* MeetTheFoundersViewController.m */; };
		01DFE9F417E7D9C900D1122A /* ConfessionOfFaithViewController.m in Sources */ = {isa = PBXBuildFile; fileRef = 01DFE9F317E7D9C900D1122A /* ConfessionOfFaithViewController.m */; };
		01DFE9F717E7D9D300D1122A /* OurVisionViewController.m in Sources */ = {isa = PBXBuildFile; fileRef = 01DFE9F617E7D9D300D1122A /* OurVisionViewController.m */; };
		01F6595D17EFC9EF0087936E /* Default~ipad.png in Resources */ = {isa = PBXBuildFile; fileRef = 01F6595817EFC9EF0087936E /* Default~ipad.png */; };
		01F6595E17EFC9EF0087936E /* Default-Portrait~ipad.png in Resources */ = {isa = PBXBuildFile; fileRef = 01F6595917EFC9EF0087936E /* Default-Portrait~ipad.png */; };
		01F6595F17EFC9EF0087936E /* Default~iphone.png in Resources */ = {isa = PBXBuildFile; fileRef = 01F6595A17EFC9EF0087936E /* Default~iphone.png */; };
		01F6596117EFC9EF0087936E /* abn-globe-logo~iphone.png in Resources */ = {isa = PBXBuildFile; fileRef = 01F6595C17EFC9EF0087936E /* abn-globe-logo~iphone.png */; };
		01F6596417EFCA610087936E /* Default@2x.png in Resources */ = {isa = PBXBuildFile; fileRef = 01F6596217EFCA610087936E /* Default@2x.png */; };
		01F6596517EFCA610087936E /* Default.png in Resources */ = {isa = PBXBuildFile; fileRef = 01F6596317EFCA610087936E /* Default.png */; };
/* End PBXBuildFile section */

/* Begin PBXContainerItemProxy section */
		014342AD17E15B3200BCE1F2 /* PBXContainerItemProxy */ = {
			isa = PBXContainerItemProxy;
			containerPortal = 0143426C17E15B3200BCE1F2 /* Project object */;
			proxyType = 1;
			remoteGlobalIDString = 0143427317E15B3200BCE1F2;
			remoteInfo = "ABN-IOS-APP";
		};
/* End PBXContainerItemProxy section */

/* Begin PBXFileReference section */
		01119DE917E2A85800D96130 /* GetInvolvedViewController.h */ = {isa = PBXFileReference; fileEncoding = 4; lastKnownFileType = sourcecode.c.h; path = GetInvolvedViewController.h; sourceTree = "<group>"; };
		01119DEA17E2A85800D96130 /* GetInvolvedViewController.m */ = {isa = PBXFileReference; fileEncoding = 4; lastKnownFileType = sourcecode.c.objc; path = GetInvolvedViewController.m; sourceTree = "<group>"; };
		01119DEC17E2A8BF00D96130 /* MoreViewController.h */ = {isa = PBXFileReference; fileEncoding = 4; lastKnownFileType = sourcecode.c.h; path = MoreViewController.h; sourceTree = "<group>"; };
		01119DED17E2A8BF00D96130 /* MoreViewController.m */ = {isa = PBXFileReference; fileEncoding = 4; lastKnownFileType = sourcecode.c.objc; path = MoreViewController.m; sourceTree = "<group>"; };
		013C1B2717EDCB180083D177 /* sample_video.m4v */ = {isa = PBXFileReference; lastKnownFileType = file; path = sample_video.m4v; sourceTree = "<group>"; };
		013C1B2917EDCB820083D177 /* play_icon.png */ = {isa = PBXFileReference; lastKnownFileType = image.png; path = play_icon.png; sourceTree = "<group>"; };
		013C1B2B17EDCE1C0083D177 /* MediaPlayer.framework */ = {isa = PBXFileReference; lastKnownFileType = wrapper.framework; name = MediaPlayer.framework; path = System/Library/Frameworks/MediaPlayer.framework; sourceTree = SDKROOT; };
		013C1B2D17EE18C10083D177 /* youtube-logo-35px.jpg */ = {isa = PBXFileReference; lastKnownFileType = image.jpeg; path = "youtube-logo-35px.jpg"; sourceTree = "<group>"; };
		013C1B2E17EE18C10083D177 /* facebook-logo-35px.png */ = {isa = PBXFileReference; lastKnownFileType = image.png; path = "facebook-logo-35px.png"; sourceTree = "<group>"; };
		013C1B2F17EE18C10083D177 /* twitter-logo-35px.png */ = {isa = PBXFileReference; lastKnownFileType = image.png; path = "twitter-logo-35px.png"; sourceTree = "<group>"; };
		013C1B3317EE1BFC0083D177 /* email-envelope-35px.png */ = {isa = PBXFileReference; lastKnownFileType = image.png; path = "email-envelope-35px.png"; sourceTree = "<group>"; };
		013C1B3417EE1BFC0083D177 /* ie-35px.png */ = {isa = PBXFileReference; lastKnownFileType = image.png; path = "ie-35px.png"; sourceTree = "<group>"; };
		013C1B3517EE1BFC0083D177 /* phone-35px.jpg */ = {isa = PBXFileReference; lastKnownFileType = image.jpeg; path = "phone-35px.jpg"; sourceTree = "<group>"; };
		013C1B3617EE1BFC0083D177 /* home-35px.png */ = {isa = PBXFileReference; lastKnownFileType = image.png; path = "home-35px.png"; sourceTree = "<group>"; };
		013C1B3B17EF88A40083D177 /* twitter-icon-110px.png */ = {isa = PBXFileReference; lastKnownFileType = image.png; path = "twitter-icon-110px.png"; sourceTree = "<group>"; };
		013C1B3C17EF88A40083D177 /* youtube-icon-110px.png */ = {isa = PBXFileReference; lastKnownFileType = image.png; path = "youtube-icon-110px.png"; sourceTree = "<group>"; };
		013C1B3D17EF88A40083D177 /* facebook-icon-110px.png */ = {isa = PBXFileReference; lastKnownFileType = image.png; path = "facebook-icon-110px.png"; sourceTree = "<group>"; };
		013C1B4117EF8D330083D177 /* pin-icon-110px.png */ = {isa = PBXFileReference; lastKnownFileType = image.png; path = "pin-icon-110px.png"; sourceTree = "<group>"; };
		013C1B4217EF8D330083D177 /* internet-icon-110px.png */ = {isa = PBXFileReference; lastKnownFileType = image.png; path = "internet-icon-110px.png"; sourceTree = "<group>"; };
		013C1B4317EF8D330083D177 /* phone-icon-110px.png */ = {isa = PBXFileReference; lastKnownFileType = image.png; path = "phone-icon-110px.png"; sourceTree = "<group>"; };
		013C1B4417EF8D330083D177 /* email-icon-110px.png */ = {isa = PBXFileReference; lastKnownFileType = image.png; path = "email-icon-110px.png"; sourceTree = "<group>"; };
		013C1B4F17EF95B30083D177 /* IPadViewController.h */ = {isa = PBXFileReference; fileEncoding = 4; lastKnownFileType = sourcecode.c.h; path = IPadViewController.h; sourceTree = "<group>"; };
		013C1B5017EF95B30083D177 /* IPadViewController.m */ = {isa = PBXFileReference; fileEncoding = 4; lastKnownFileType = sourcecode.c.objc; path = IPadViewController.m; sourceTree = "<group>"; };
		013C1B5317EFA4FD0083D177 /* VotdViewController.h */ = {isa = PBXFileReference; fileEncoding = 4; lastKnownFileType = sourcecode.c.h; path = VotdViewController.h; sourceTree = "<group>"; };
		013C1B5417EFA4FD0083D177 /* VotdViewController.m */ = {isa = PBXFileReference; fileEncoding = 4; lastKnownFileType = sourcecode.c.objc; path = VotdViewController.m; sourceTree = "<group>"; };
		013F393D17E929DA006B5C6C /* AVFoundation.framework */ = {isa = PBXFileReference; lastKnownFileType = wrapper.framework; name = AVFoundation.framework; path = System/Library/Frameworks/AVFoundation.framework; sourceTree = SDKROOT; };
		013F393F17E929E1006B5C6C /* AudioToolbox.framework */ = {isa = PBXFileReference; lastKnownFileType = wrapper.framework; name = AudioToolbox.framework; path = System/Library/Frameworks/AudioToolbox.framework; sourceTree = SDKROOT; };
		013F394117E929EA006B5C6C /* CoreMedia.framework */ = {isa = PBXFileReference; lastKnownFileType = wrapper.framework; name = CoreMedia.framework; path = System/Library/Frameworks/CoreMedia.framework; sourceTree = SDKROOT; };
		013F394317E929F6006B5C6C /* CoreVideo.framework */ = {isa = PBXFileReference; lastKnownFileType = wrapper.framework; name = CoreVideo.framework; path = System/Library/Frameworks/CoreVideo.framework; sourceTree = SDKROOT; };
		013F394517E929FF006B5C6C /* libxml2.dylib */ = {isa = PBXFileReference; lastKnownFileType = "compiled.mach-o.dylib"; name = libxml2.dylib; path = usr/lib/libxml2.dylib; sourceTree = SDKROOT; };
		013F394717E92A09006B5C6C /* MessageUI.framework */ = {isa = PBXFileReference; lastKnownFileType = wrapper.framework; name = MessageUI.framework; path = System/Library/Frameworks/MessageUI.framework; sourceTree = SDKROOT; };
		013F394917E92A19006B5C6C /* MobileCoreServices.framework */ = {isa = PBXFileReference; lastKnownFileType = wrapper.framework; name = MobileCoreServices.framework; path = System/Library/Frameworks/MobileCoreServices.framework; sourceTree = SDKROOT; };
		013F394B17E92A22006B5C6C /* OpenGLES.framework */ = {isa = PBXFileReference; lastKnownFileType = wrapper.framework; name = OpenGLES.framework; path = System/Library/Frameworks/OpenGLES.framework; sourceTree = SDKROOT; };
		013F394D17E92A30006B5C6C /* QuartzCore.framework */ = {isa = PBXFileReference; lastKnownFileType = wrapper.framework; name = QuartzCore.framework; path = System/Library/Frameworks/QuartzCore.framework; sourceTree = SDKROOT; };
		013F394F17E92A39006B5C6C /* Security.framework */ = {isa = PBXFileReference; lastKnownFileType = wrapper.framework; name = Security.framework; path = System/Library/Frameworks/Security.framework; sourceTree = SDKROOT; };
		013F395417E934CE006B5C6C /* libPayPalMobile.a */ = {isa = PBXFileReference; lastKnownFileType = archive.ar; path = libPayPalMobile.a; sourceTree = "<group>"; };
		013F395517E934CE006B5C6C /* PayPalMobile.h */ = {isa = PBXFileReference; fileEncoding = 4; lastKnownFileType = sourcecode.c.h; path = PayPalMobile.h; sourceTree = "<group>"; };
		013F395617E934CE006B5C6C /* PayPalPayment.h */ = {isa = PBXFileReference; fileEncoding = 4; lastKnownFileType = sourcecode.c.h; path = PayPalPayment.h; sourceTree = "<group>"; };
		013F395717E934CE006B5C6C /* PayPalPaymentViewController.h */ = {isa = PBXFileReference; fileEncoding = 4; lastKnownFileType = sourcecode.c.h; path = PayPalPaymentViewController.h; sourceTree = "<group>"; };
		013F395B17E9394C006B5C6C /* SystemConfiguration.framework */ = {isa = PBXFileReference; lastKnownFileType = wrapper.framework; name = SystemConfiguration.framework; path = System/Library/Frameworks/SystemConfiguration.framework; sourceTree = SDKROOT; };
		013F395D17E93BE7006B5C6C /* paypal-logo.png */ = {isa = PBXFileReference; lastKnownFileType = image.png; path = "paypal-logo.png"; sourceTree = "<group>"; };
		0143427417E15B3200BCE1F2 /* ABN-IOS-APP.app */ = {isa = PBXFileReference; explicitFileType = wrapper.application; includeInIndex = 0; path = "ABN-IOS-APP.app"; sourceTree = BUILT_PRODUCTS_DIR; };
		0143427717E15B3200BCE1F2 /* UIKit.framework */ = {isa = PBXFileReference; lastKnownFileType = wrapper.framework; name = UIKit.framework; path = System/Library/Frameworks/UIKit.framework; sourceTree = SDKROOT; };
		0143427917E15B3200BCE1F2 /* Foundation.framework */ = {isa = PBXFileReference; lastKnownFileType = wrapper.framework; name = Foundation.framework; path = System/Library/Frameworks/Foundation.framework; sourceTree = SDKROOT; };
		0143427B17E15B3200BCE1F2 /* CoreGraphics.framework */ = {isa = PBXFileReference; lastKnownFileType = wrapper.framework; name = CoreGraphics.framework; path = System/Library/Frameworks/CoreGraphics.framework; sourceTree = SDKROOT; };
		0143427F17E15B3200BCE1F2 /* ABN-IOS-APP-Info.plist */ = {isa = PBXFileReference; lastKnownFileType = text.plist.xml; path = "ABN-IOS-APP-Info.plist"; sourceTree = "<group>"; };
		0143428117E15B3200BCE1F2 /* en */ = {isa = PBXFileReference; lastKnownFileType = text.plist.strings; name = en; path = en.lproj/InfoPlist.strings; sourceTree = "<group>"; };
		0143428317E15B3200BCE1F2 /* main.m */ = {isa = PBXFileReference; lastKnownFileType = sourcecode.c.objc; path = main.m; sourceTree = "<group>"; };
		0143428517E15B3200BCE1F2 /* ABN-IOS-APP-Prefix.pch */ = {isa = PBXFileReference; lastKnownFileType = sourcecode.c.h; path = "ABN-IOS-APP-Prefix.pch"; sourceTree = "<group>"; };
		0143428617E15B3200BCE1F2 /* AppDelegate.h */ = {isa = PBXFileReference; lastKnownFileType = sourcecode.c.h; path = AppDelegate.h; sourceTree = "<group>"; };
		0143428717E15B3200BCE1F2 /* AppDelegate.m */ = {isa = PBXFileReference; lastKnownFileType = sourcecode.c.objc; path = AppDelegate.m; sourceTree = "<group>"; };
		0143429017E15B3200BCE1F2 /* en */ = {isa = PBXFileReference; lastKnownFileType = file.storyboard; name = en; path = en.lproj/MainStoryboard_iPhone.storyboard; sourceTree = "<group>"; };
		0143429317E15B3200BCE1F2 /* en */ = {isa = PBXFileReference; lastKnownFileType = file.storyboard; name = en; path = en.lproj/MainStoryboard_iPad.storyboard; sourceTree = "<group>"; };
		0143429817E15B3200BCE1F2 /* first.png */ = {isa = PBXFileReference; lastKnownFileType = image.png; path = first.png; sourceTree = "<group>"; };
		0143429A17E15B3200BCE1F2 /* first@2x.png */ = {isa = PBXFileReference; lastKnownFileType = image.png; path = "first@2x.png"; sourceTree = "<group>"; };
		0143429F17E15B3200BCE1F2 /* second.png */ = {isa = PBXFileReference; lastKnownFileType = image.png; path = second.png; sourceTree = "<group>"; };
		014342A117E15B3200BCE1F2 /* second@2x.png */ = {isa = PBXFileReference; lastKnownFileType = image.png; path = "second@2x.png"; sourceTree = "<group>"; };
		014342A817E15B3200BCE1F2 /* ABN-IOS-APPTests.octest */ = {isa = PBXFileReference; explicitFileType = wrapper.cfbundle; includeInIndex = 0; path = "ABN-IOS-APPTests.octest"; sourceTree = BUILT_PRODUCTS_DIR; };
		014342A917E15B3200BCE1F2 /* SenTestingKit.framework */ = {isa = PBXFileReference; lastKnownFileType = wrapper.framework; name = SenTestingKit.framework; path = Library/Frameworks/SenTestingKit.framework; sourceTree = DEVELOPER_DIR; };
		014342B117E15B3200BCE1F2 /* ABN-IOS-APPTests-Info.plist */ = {isa = PBXFileReference; lastKnownFileType = text.plist.xml; path = "ABN-IOS-APPTests-Info.plist"; sourceTree = "<group>"; };
		014342B317E15B3200BCE1F2 /* en */ = {isa = PBXFileReference; lastKnownFileType = text.plist.strings; name = en; path = en.lproj/InfoPlist.strings; sourceTree = "<group>"; };
		014342B517E15B3200BCE1F2 /* ABN_IOS_APPTests.h */ = {isa = PBXFileReference; lastKnownFileType = sourcecode.c.h; path = ABN_IOS_APPTests.h; sourceTree = "<group>"; };
		014342B617E15B3200BCE1F2 /* ABN_IOS_APPTests.m */ = {isa = PBXFileReference; lastKnownFileType = sourcecode.c.objc; path = ABN_IOS_APPTests.m; sourceTree = "<group>"; };
		015A340E17E7C583007D83C2 /* facebook-logo-75px.png */ = {isa = PBXFileReference; lastKnownFileType = image.png; path = "facebook-logo-75px.png"; sourceTree = "<group>"; };
		015A341017E7C5F4007D83C2 /* youtube-logo-75px.jpg */ = {isa = PBXFileReference; lastKnownFileType = image.jpeg; path = "youtube-logo-75px.jpg"; sourceTree = "<group>"; };
		015A341217E7C62D007D83C2 /* twitter-logo-75px.png */ = {isa = PBXFileReference; lastKnownFileType = image.png; path = "twitter-logo-75px.png"; sourceTree = "<group>"; };
		015A341417E7C928007D83C2 /* youtube-thumb.png */ = {isa = PBXFileReference; lastKnownFileType = image.png; path = "youtube-thumb.png"; sourceTree = "<group>"; };
		015A341917E7CA64007D83C2 /* donate-thumb@2x.png */ = {isa = PBXFileReference; lastKnownFileType = image.png; path = "donate-thumb@2x.png"; sourceTree = "<group>"; };
		015A341C17E7CA9F007D83C2 /* donate-thumb.png */ = {isa = PBXFileReference; lastKnownFileType = image.png; path = "donate-thumb.png"; sourceTree = "<group>"; };
		015A341E17E7CAA5007D83C2 /* donate-thumb@2x.png */ = {isa = PBXFileReference; lastKnownFileType = image.png; path = "donate-thumb@2x.png"; sourceTree = "<group>"; };
		01C4FA8A17E5F829002F3858 /* ContactUsViewController.h */ = {isa = PBXFileReference; fileEncoding = 4; lastKnownFileType = sourcecode.c.h; path = ContactUsViewController.h; sourceTree = "<group>"; };
		01C4FA8B17E5F829002F3858 /* ContactUsViewController.m */ = {isa = PBXFileReference; fileEncoding = 4; lastKnownFileType = sourcecode.c.objc; path = ContactUsViewController.m; sourceTree = "<group>"; };
		01C4FA8D17E64B38002F3858 /* forward.button.red.png */ = {isa = PBXFileReference; lastKnownFileType = image.png; path = forward.button.red.png; sourceTree = "<group>"; };
		01C4FA8E17E64B38002F3858 /* forward.button.grey.png */ = {isa = PBXFileReference; lastKnownFileType = image.png; path = forward.button.grey.png; sourceTree = "<group>"; };
		01C4FA8F17E64B38002F3858 /* back.button.red.png */ = {isa = PBXFileReference; lastKnownFileType = image.png; path = back.button.red.png; sourceTree = "<group>"; };
		01C4FA9717E64D03002F3858 /* back.button.grey.png */ = {isa = PBXFileReference; lastKnownFileType = image.png; path = back.button.grey.png; sourceTree = "<group>"; };
		01C4FA9917E65568002F3858 /* cloud-air-backdrop.jpg */ = {isa = PBXFileReference; lastKnownFileType = image.jpeg; path = "cloud-air-backdrop.jpg"; sourceTree = "<group>"; };
		01D5C9E117E28E1C00BA90A4 /* abn-globe-logo.png */ = {isa = PBXFileReference; lastKnownFileType = image.png; path = "abn-globe-logo.png"; sourceTree = "<group>"; };
		01D5C9E517E2904300BA90A4 /* contact-thumbnail.png */ = {isa = PBXFileReference; lastKnownFileType = image.png; path = "contact-thumbnail.png"; sourceTree = "<group>"; };
		01D5C9E717E290A400BA90A4 /* watch-thumbnail.png */ = {isa = PBXFileReference; lastKnownFileType = image.png; path = "watch-thumbnail.png"; sourceTree = "<group>"; };
		01D5C9E917E290E000BA90A4 /* youtube-thumbnail.png */ = {isa = PBXFileReference; lastKnownFileType = image.png; path = "youtube-thumbnail.png"; sourceTree = "<group>"; };
		01D5C9EB17E2911E00BA90A4 /* elipses-thumbnail.png */ = {isa = PBXFileReference; lastKnownFileType = image.png; path = "elipses-thumbnail.png"; sourceTree = "<group>"; };
		01D5C9ED17E2971500BA90A4 /* contact-thumb@2x.png */ = {isa = PBXFileReference; lastKnownFileType = image.png; path = "contact-thumb@2x.png"; sourceTree = "<group>"; };
		01D5C9EE17E2971500BA90A4 /* contact-thumb.png */ = {isa = PBXFileReference; lastKnownFileType = image.png; path = "contact-thumb.png"; sourceTree = "<group>"; };
		01D5C9F117E2971500BA90A4 /* elipses-thumb@2x.png */ = {isa = PBXFileReference; lastKnownFileType = image.png; path = "elipses-thumb@2x.png"; sourceTree = "<group>"; };
		01D5C9F217E2971500BA90A4 /* elipses-thumb.png */ = {isa = PBXFileReference; lastKnownFileType = image.png; path = "elipses-thumb.png"; sourceTree = "<group>"; };
		01D5C9F317E2971500BA90A4 /* watch-thumb@2x.png */ = {isa = PBXFileReference; lastKnownFileType = image.png; path = "watch-thumb@2x.png"; sourceTree = "<group>"; };
		01D5C9F417E2971500BA90A4 /* watch-thumb.png */ = {isa = PBXFileReference; lastKnownFileType = image.png; path = "watch-thumb.png"; sourceTree = "<group>"; };
		01D5C9F517E2971500BA90A4 /* youtube-thumb@2x.png */ = {isa = PBXFileReference; lastKnownFileType = image.png; path = "youtube-thumb@2x.png"; sourceTree = "<group>"; };
		01D5CA0917E2A1EA00BA90A4 /* WatchViewController.h */ = {isa = PBXFileReference; fileEncoding = 4; lastKnownFileType = sourcecode.c.h; path = WatchViewController.h; sourceTree = "<group>"; };
		01D5CA0A17E2A1EA00BA90A4 /* WatchViewController.m */ = {isa = PBXFileReference; fileEncoding = 4; lastKnownFileType = sourcecode.c.objc; path = WatchViewController.m; sourceTree = "<group>"; };
		01D5CA0C17E2A38800BA90A4 /* YouTubeChannelViewController.h */ = {isa = PBXFileReference; fileEncoding = 4; lastKnownFileType = sourcecode.c.h; path = YouTubeChannelViewController.h; sourceTree = "<group>"; };
		01D5CA0D17E2A38800BA90A4 /* YouTubeChannelViewController.m */ = {isa = PBXFileReference; fileEncoding = 4; lastKnownFileType = sourcecode.c.objc; path = YouTubeChannelViewController.m; sourceTree = "<group>"; };
		01DFE9EA17E7CF7500D1122A /* bassim-and-haifa.jpg */ = {isa = PBXFileReference; lastKnownFileType = image.jpeg; path = "bassim-and-haifa.jpg"; sourceTree = "<group>"; };
		01DFE9EF17E7D84200D1122A /* MeetTheFoundersViewController.h */ = {isa = PBXFileReference; fileEncoding = 4; lastKnownFileType = sourcecode.c.h; path = MeetTheFoundersViewController.h; sourceTree = "<group>"; };
		01DFE9F017E7D84200D1122A /* MeetTheFoundersViewController.m */ = {isa = PBXFileReference; fileEncoding = 4; lastKnownFileType = sourcecode.c.objc; path = MeetTheFoundersViewController.m; sourceTree = "<group>"; };
		01DFE9F217E7D9C900D1122A /* ConfessionOfFaithViewController.h */ = {isa = PBXFileReference; fileEncoding = 4; lastKnownFileType = sourcecode.c.h; path = ConfessionOfFaithViewController.h; sourceTree = "<group>"; };
		01DFE9F317E7D9C900D1122A /* ConfessionOfFaithViewController.m */ = {isa = PBXFileReference; fileEncoding = 4; lastKnownFileType = sourcecode.c.objc; path = ConfessionOfFaithViewController.m; sourceTree = "<group>"; };
		01DFE9F517E7D9D300D1122A /* OurVisionViewController.h */ = {isa = PBXFileReference; fileEncoding = 4; lastKnownFileType = sourcecode.c.h; path = OurVisionViewController.h; sourceTree = "<group>"; };
		01DFE9F617E7D9D300D1122A /* OurVisionViewController.m */ = {isa = PBXFileReference; fileEncoding = 4; lastKnownFileType = sourcecode.c.objc; path = OurVisionViewController.m; sourceTree = "<group>"; };
		01F6595817EFC9EF0087936E /* Default~ipad.png */ = {isa = PBXFileReference; lastKnownFileType = image.png; path = "Default~ipad.png"; sourceTree = "<group>"; };
		01F6595917EFC9EF0087936E /* Default-Portrait~ipad.png */ = {isa = PBXFileReference; lastKnownFileType = image.png; path = "Default-Portrait~ipad.png"; sourceTree = "<group>"; };
		01F6595A17EFC9EF0087936E /* Default~iphone.png */ = {isa = PBXFileReference; lastKnownFileType = image.png; path = "Default~iphone.png"; sourceTree = "<group>"; };
		01F6595C17EFC9EF0087936E /* abn-globe-logo~iphone.png */ = {isa = PBXFileReference; lastKnownFileType = image.png; path = "abn-globe-logo~iphone.png"; sourceTree = "<group>"; };
		01F6596217EFCA610087936E /* Default@2x.png */ = {isa = PBXFileReference; lastKnownFileType = image.png; path = "Default@2x.png"; sourceTree = "<group>"; };
		01F6596317EFCA610087936E /* Default.png */ = {isa = PBXFileReference; lastKnownFileType = image.png; path = Default.png; sourceTree = "<group>"; };
/* End PBXFileReference section */

/* Begin PBXFrameworksBuildPhase section */
		0143427117E15B3200BCE1F2 /* Frameworks */ = {
			isa = PBXFrameworksBuildPhase;
			buildActionMask = 2147483647;
			files = (
				013C1B2C17EDCE1C0083D177 /* MediaPlayer.framework in Frameworks */,
				013F395C17E9394C006B5C6C /* SystemConfiguration.framework in Frameworks */,
				0143427817E15B3200BCE1F2 /* UIKit.framework in Frameworks */,
				013F395017E92A39006B5C6C /* Security.framework in Frameworks */,
				013F394E17E92A30006B5C6C /* QuartzCore.framework in Frameworks */,
				013F394C17E92A22006B5C6C /* OpenGLES.framework in Frameworks */,
				013F394A17E92A19006B5C6C /* MobileCoreServices.framework in Frameworks */,
				013F394817E92A09006B5C6C /* MessageUI.framework in Frameworks */,
				013F394617E929FF006B5C6C /* libxml2.dylib in Frameworks */,
				013F394417E929F6006B5C6C /* CoreVideo.framework in Frameworks */,
				013F394217E929EA006B5C6C /* CoreMedia.framework in Frameworks */,
				013F394017E929E1006B5C6C /* AudioToolbox.framework in Frameworks */,
				013F393E17E929DA006B5C6C /* AVFoundation.framework in Frameworks */,
				0143427A17E15B3200BCE1F2 /* Foundation.framework in Frameworks */,
				0143427C17E15B3200BCE1F2 /* CoreGraphics.framework in Frameworks */,
				013F395A17E934F5006B5C6C /* libPayPalMobile.a in Frameworks */,
			);
			runOnlyForDeploymentPostprocessing = 0;
		};
		014342A417E15B3200BCE1F2 /* Frameworks */ = {
			isa = PBXFrameworksBuildPhase;
			buildActionMask = 2147483647;
			files = (
				014342AA17E15B3200BCE1F2 /* SenTestingKit.framework in Frameworks */,
				014342AB17E15B3200BCE1F2 /* UIKit.framework in Frameworks */,
				014342AC17E15B3200BCE1F2 /* Foundation.framework in Frameworks */,
				013F395917E934CE006B5C6C /* libPayPalMobile.a in Frameworks */,
			);
			runOnlyForDeploymentPostprocessing = 0;
		};
/* End PBXFrameworksBuildPhase section */

/* Begin PBXGroup section */
		013F395317E934CE006B5C6C /* PayPalMobile */ = {
			isa = PBXGroup;
			children = (
				013F395417E934CE006B5C6C /* libPayPalMobile.a */,
				013F395517E934CE006B5C6C /* PayPalMobile.h */,
				013F395617E934CE006B5C6C /* PayPalPayment.h */,
				013F395717E934CE006B5C6C /* PayPalPaymentViewController.h */,
			);
			path = PayPalMobile;
			sourceTree = "<group>";
		};
		0143426B17E15B3200BCE1F2 = {
			isa = PBXGroup;
			children = (
				013F395B17E9394C006B5C6C /* SystemConfiguration.framework */,
				013F394F17E92A39006B5C6C /* Security.framework */,
				013F394D17E92A30006B5C6C /* QuartzCore.framework */,
				013F394B17E92A22006B5C6C /* OpenGLES.framework */,
				013F394917E92A19006B5C6C /* MobileCoreServices.framework */,
				013F394717E92A09006B5C6C /* MessageUI.framework */,
				013F394517E929FF006B5C6C /* libxml2.dylib */,
				013F394317E929F6006B5C6C /* CoreVideo.framework */,
				013F394117E929EA006B5C6C /* CoreMedia.framework */,
				013F393F17E929E1006B5C6C /* AudioToolbox.framework */,
				013F393D17E929DA006B5C6C /* AVFoundation.framework */,
				0143427D17E15B3200BCE1F2 /* ABN-IOS-APP */,
				014342AF17E15B3200BCE1F2 /* ABN-IOS-APPTests */,
				0143427617E15B3200BCE1F2 /* Frameworks */,
				0143427517E15B3200BCE1F2 /* Products */,
			);
			sourceTree = "<group>";
		};
		0143427517E15B3200BCE1F2 /* Products */ = {
			isa = PBXGroup;
			children = (
				0143427417E15B3200BCE1F2 /* ABN-IOS-APP.app */,
				014342A817E15B3200BCE1F2 /* ABN-IOS-APPTests.octest */,
			);
			name = Products;
			sourceTree = "<group>";
		};
		0143427617E15B3200BCE1F2 /* Frameworks */ = {
			isa = PBXGroup;
			children = (
				013C1B2B17EDCE1C0083D177 /* MediaPlayer.framework */,
				0143427717E15B3200BCE1F2 /* UIKit.framework */,
				0143427917E15B3200BCE1F2 /* Foundation.framework */,
				0143427B17E15B3200BCE1F2 /* CoreGraphics.framework */,
				014342A917E15B3200BCE1F2 /* SenTestingKit.framework */,
			);
			name = Frameworks;
			sourceTree = "<group>";
		};
		0143427D17E15B3200BCE1F2 /* ABN-IOS-APP */ = {
			isa = PBXGroup;
			children = (
				013F395317E934CE006B5C6C /* PayPalMobile */,
				01DFE9F517E7D9D300D1122A /* OurVisionViewController.h */,
				01DFE9F617E7D9D300D1122A /* OurVisionViewController.m */,
				01DFE9F217E7D9C900D1122A /* ConfessionOfFaithViewController.h */,
				01DFE9F317E7D9C900D1122A /* ConfessionOfFaithViewController.m */,
				01119DEC17E2A8BF00D96130 /* MoreViewController.h */,
				01119DED17E2A8BF00D96130 /* MoreViewController.m */,
				01C4FA8A17E5F829002F3858 /* ContactUsViewController.h */,
				01C4FA8B17E5F829002F3858 /* ContactUsViewController.m */,
				01DFE9EF17E7D84200D1122A /* MeetTheFoundersViewController.h */,
				01DFE9F017E7D84200D1122A /* MeetTheFoundersViewController.m */,
				01119DE917E2A85800D96130 /* GetInvolvedViewController.h */,
				01119DEA17E2A85800D96130 /* GetInvolvedViewController.m */,
				01D5CA0C17E2A38800BA90A4 /* YouTubeChannelViewController.h */,
				01D5CA0D17E2A38800BA90A4 /* YouTubeChannelViewController.m */,
				01D5CA0917E2A1EA00BA90A4 /* WatchViewController.h */,
				01D5CA0A17E2A1EA00BA90A4 /* WatchViewController.m */,
				013C1B4F17EF95B30083D177 /* IPadViewController.h */,
				013C1B5017EF95B30083D177 /* IPadViewController.m */,
				013C1B5317EFA4FD0083D177 /* VotdViewController.h */,
				013C1B5417EFA4FD0083D177 /* VotdViewController.m */,
				0143428617E15B3200BCE1F2 /* AppDelegate.h */,
				0143428717E15B3200BCE1F2 /* AppDelegate.m */,
				0143428F17E15B3200BCE1F2 /* MainStoryboard_iPhone.storyboard */,
				0143429217E15B3200BCE1F2 /* MainStoryboard_iPad.storyboard */,
				0143427E17E15B3200BCE1F2 /* Supporting Files */,
			);
			path = "ABN-IOS-APP";
			sourceTree = "<group>";
		};
		0143427E17E15B3200BCE1F2 /* Supporting Files */ = {
			isa = PBXGroup;
			children = (
				01D5C9E017E28D2800BA90A4 /* images */,
				0143427F17E15B3200BCE1F2 /* ABN-IOS-APP-Info.plist */,
				0143428017E15B3200BCE1F2 /* InfoPlist.strings */,
				0143428317E15B3200BCE1F2 /* main.m */,
				0143428517E15B3200BCE1F2 /* ABN-IOS-APP-Prefix.pch */,
			);
			name = "Supporting Files";
			sourceTree = "<group>";
		};
		014342AF17E15B3200BCE1F2 /* ABN-IOS-APPTests */ = {
			isa = PBXGroup;
			children = (
				014342B517E15B3200BCE1F2 /* ABN_IOS_APPTests.h */,
				014342B617E15B3200BCE1F2 /* ABN_IOS_APPTests.m */,
				014342B017E15B3200BCE1F2 /* Supporting Files */,
			);
			path = "ABN-IOS-APPTests";
			sourceTree = "<group>";
		};
		014342B017E15B3200BCE1F2 /* Supporting Files */ = {
			isa = PBXGroup;
			children = (
				014342B117E15B3200BCE1F2 /* ABN-IOS-APPTests-Info.plist */,
				014342B217E15B3200BCE1F2 /* InfoPlist.strings */,
			);
			name = "Supporting Files";
			sourceTree = "<group>";
		};
		01D5C9E017E28D2800BA90A4 /* images */ = {
			isa = PBXGroup;
			children = (
				01D5C9E117E28E1C00BA90A4 /* abn-globe-logo.png */,
				01F6595C17EFC9EF0087936E /* abn-globe-logo~iphone.png */,
				01C4FA9717E64D03002F3858 /* back.button.grey.png */,
				01C4FA8F17E64B38002F3858 /* back.button.red.png */,
				01DFE9EA17E7CF7500D1122A /* bassim-and-haifa.jpg */,
				01C4FA9917E65568002F3858 /* cloud-air-backdrop.jpg */,
				01D5C9EE17E2971500BA90A4 /* contact-thumb.png */,
				01D5C9ED17E2971500BA90A4 /* contact-thumb@2x.png */,
				01D5C9E517E2904300BA90A4 /* contact-thumbnail.png */,
				01F6595917EFC9EF0087936E /* Default-Portrait~ipad.png */,
				01F6596317EFCA610087936E /* Default.png */,
				01F6596217EFCA610087936E /* Default@2x.png */,
				01F6595817EFC9EF0087936E /* Default~ipad.png */,
				01F6595A17EFC9EF0087936E /* Default~iphone.png */,
				015A341C17E7CA9F007D83C2 /* donate-thumb.png */,
				015A341917E7CA64007D83C2 /* donate-thumb@2x.png */,
				01D5C9F217E2971500BA90A4 /* elipses-thumb.png */,
				01D5C9F117E2971500BA90A4 /* elipses-thumb@2x.png */,
				01D5C9EB17E2911E00BA90A4 /* elipses-thumbnail.png */,
				013C1B3317EE1BFC0083D177 /* email-envelope-35px.png */,
				013C1B4417EF8D330083D177 /* email-icon-110px.png */,
				013C1B3D17EF88A40083D177 /* facebook-icon-110px.png */,
				013C1B2E17EE18C10083D177 /* facebook-logo-35px.png */,
				015A340E17E7C583007D83C2 /* facebook-logo-75px.png */,
				0143429817E15B3200BCE1F2 /* first.png */,
				0143429A17E15B3200BCE1F2 /* first@2x.png */,
				01C4FA8E17E64B38002F3858 /* forward.button.grey.png */,
				01C4FA8D17E64B38002F3858 /* forward.button.red.png */,
				013C1B3617EE1BFC0083D177 /* home-35px.png */,
				013C1B3417EE1BFC0083D177 /* ie-35px.png */,
				013C1B4217EF8D330083D177 /* internet-icon-110px.png */,
				013F395D17E93BE7006B5C6C /* paypal-logo.png */,
				013C1B3517EE1BFC0083D177 /* phone-35px.jpg */,
				013C1B4317EF8D330083D177 /* phone-icon-110px.png */,
				013C1B4117EF8D330083D177 /* pin-icon-110px.png */,
				013C1B2917EDCB820083D177 /* play_icon.png */,
				013C1B2717EDCB180083D177 /* sample_video.m4v */,
				0143429F17E15B3200BCE1F2 /* second.png */,
				014342A117E15B3200BCE1F2 /* second@2x.png */,
				013C1B3B17EF88A40083D177 /* twitter-icon-110px.png */,
				013C1B2F17EE18C10083D177 /* twitter-logo-35px.png */,
				015A341217E7C62D007D83C2 /* twitter-logo-75px.png */,
				01D5C9F417E2971500BA90A4 /* watch-thumb.png */,
				01D5C9F317E2971500BA90A4 /* watch-thumb@2x.png */,
				01D5C9E717E290A400BA90A4 /* watch-thumbnail.png */,
				013C1B3C17EF88A40083D177 /* youtube-icon-110px.png */,
				013C1B2D17EE18C10083D177 /* youtube-logo-35px.jpg */,
				015A341017E7C5F4007D83C2 /* youtube-logo-75px.jpg */,
				015A341417E7C928007D83C2 /* youtube-thumb.png */,
				01D5C9F517E2971500BA90A4 /* youtube-thumb@2x.png */,
				01D5C9E917E290E000BA90A4 /* youtube-thumbnail.png */,
				015A341E17E7CAA5007D83C2 /* donate-thumb@2x.png */,
			);
			name = images;
			sourceTree = "<group>";
		};
/* End PBXGroup section */

/* Begin PBXNativeTarget section */
		0143427317E15B3200BCE1F2 /* ABN-IOS-APP */ = {
			isa = PBXNativeTarget;
			buildConfigurationList = 014342BA17E15B3200BCE1F2 /* Build configuration list for PBXNativeTarget "ABN-IOS-APP" */;
			buildPhases = (
				0143427017E15B3200BCE1F2 /* Sources */,
				0143427117E15B3200BCE1F2 /* Frameworks */,
				0143427217E15B3200BCE1F2 /* Resources */,
			);
			buildRules = (
			);
			dependencies = (
			);
			name = "ABN-IOS-APP";
			productName = "ABN-IOS-APP";
			productReference = 0143427417E15B3200BCE1F2 /* ABN-IOS-APP.app */;
			productType = "com.apple.product-type.application";
		};
		014342A717E15B3200BCE1F2 /* ABN-IOS-APPTests */ = {
			isa = PBXNativeTarget;
			buildConfigurationList = 014342BD17E15B3200BCE1F2 /* Build configuration list for PBXNativeTarget "ABN-IOS-APPTests" */;
			buildPhases = (
				014342A317E15B3200BCE1F2 /* Sources */,
				014342A417E15B3200BCE1F2 /* Frameworks */,
				014342A517E15B3200BCE1F2 /* Resources */,
				014342A617E15B3200BCE1F2 /* ShellScript */,
			);
			buildRules = (
			);
			dependencies = (
				014342AE17E15B3200BCE1F2 /* PBXTargetDependency */,
			);
			name = "ABN-IOS-APPTests";
			productName = "ABN-IOS-APPTests";
			productReference = 014342A817E15B3200BCE1F2 /* ABN-IOS-APPTests.octest */;
			productType = "com.apple.product-type.bundle";
		};
/* End PBXNativeTarget section */

/* Begin PBXProject section */
		0143426C17E15B3200BCE1F2 /* Project object */ = {
			isa = PBXProject;
			attributes = {
				LastUpgradeCheck = 0460;
				ORGANIZATIONNAME = "Gorial, Sam";
			};
			buildConfigurationList = 0143426F17E15B3200BCE1F2 /* Build configuration list for PBXProject "ABN-IOS-APP" */;
			compatibilityVersion = "Xcode 3.2";
			developmentRegion = English;
			hasScannedForEncodings = 0;
			knownRegions = (
				en,
			);
			mainGroup = 0143426B17E15B3200BCE1F2;
			productRefGroup = 0143427517E15B3200BCE1F2 /* Products */;
			projectDirPath = "";
			projectRoot = "";
			targets = (
				0143427317E15B3200BCE1F2 /* ABN-IOS-APP */,
				014342A717E15B3200BCE1F2 /* ABN-IOS-APPTests */,
			);
		};
/* End PBXProject section */

/* Begin PBXResourcesBuildPhase section */
		0143427217E15B3200BCE1F2 /* Resources */ = {
			isa = PBXResourcesBuildPhase;
			buildActionMask = 2147483647;
			files = (
				0143428217E15B3200BCE1F2 /* InfoPlist.strings in Resources */,
				013C1B3E17EF88A40083D177 /* twitter-icon-110px.png in Resources */,
				0143429117E15B3200BCE1F2 /* MainStoryboard_iPhone.storyboard in Resources */,
				0143429417E15B3200BCE1F2 /* MainStoryboard_iPad.storyboard in Resources */,
				013C1B3A17EE1BFC0083D177 /* home-35px.png in Resources */,
				013C1B3217EE18C10083D177 /* twitter-logo-35px.png in Resources */,
				013C1B4517EF8D330083D177 /* pin-icon-110px.png in Resources */,
				0143429917E15B3200BCE1F2 /* first.png in Resources */,
				0143429B17E15B3200BCE1F2 /* first@2x.png in Resources */,
				014342A017E15B3200BCE1F2 /* second.png in Resources */,
				014342A217E15B3200BCE1F2 /* second@2x.png in Resources */,
				01D5C9E217E28E1C00BA90A4 /* abn-globe-logo.png in Resources */,
				01D5C9E617E2904300BA90A4 /* contact-thumbnail.png in Resources */,
				013C1B3817EE1BFC0083D177 /* ie-35px.png in Resources */,
				01D5C9E817E290A400BA90A4 /* watch-thumbnail.png in Resources */,
				013C1B4717EF8D330083D177 /* phone-icon-110px.png in Resources */,
				01D5C9EA17E290E000BA90A4 /* youtube-thumbnail.png in Resources */,
				01D5C9EC17E2911E00BA90A4 /* elipses-thumbnail.png in Resources */,
				01D5C9F717E2971500BA90A4 /* contact-thumb@2x.png in Resources */,
				013C1B3017EE18C10083D177 /* youtube-logo-35px.jpg in Resources */,
				013C1B4017EF88A40083D177 /* facebook-icon-110px.png in Resources */,
				01D5C9F817E2971500BA90A4 /* contact-thumb.png in Resources */,
				013C1B2A17EDCB820083D177 /* play_icon.png in Resources */,
				01D5C9FB17E2971500BA90A4 /* elipses-thumb@2x.png in Resources */,
				01F6595F17EFC9EF0087936E /* Default~iphone.png in Resources */,
				01D5C9FC17E2971500BA90A4 /* elipses-thumb.png in Resources */,
				01D5C9FD17E2971500BA90A4 /* watch-thumb@2x.png in Resources */,
				01F6596117EFC9EF0087936E /* abn-globe-logo~iphone.png in Resources */,
				013C1B4617EF8D330083D177 /* internet-icon-110px.png in Resources */,
				01F6595E17EFC9EF0087936E /* Default-Portrait~ipad.png in Resources */,
				01D5C9FE17E2971500BA90A4 /* watch-thumb.png in Resources */,
				013C1B3F17EF88A40083D177 /* youtube-icon-110px.png in Resources */,
				013C1B3117EE18C10083D177 /* facebook-logo-35px.png in Resources */,
				01D5C9FF17E2971500BA90A4 /* youtube-thumb@2x.png in Resources */,
				01C4FA9117E64B38002F3858 /* forward.button.red.png in Resources */,
				01F6596417EFCA610087936E /* Default@2x.png in Resources */,
				01C4FA9217E64B38002F3858 /* forward.button.grey.png in Resources */,
				01F6596517EFCA610087936E /* Default.png in Resources */,
				01C4FA9317E64B38002F3858 /* back.button.red.png in Resources */,
				01C4FA9817E64D03002F3858 /* back.button.grey.png in Resources */,
				01C4FA9A17E65568002F3858 /* cloud-air-backdrop.jpg in Resources */,
				015A340F17E7C583007D83C2 /* facebook-logo-75px.png in Resources */,
				015A341117E7C5F4007D83C2 /* youtube-logo-75px.jpg in Resources */,
				013C1B2817EDCB180083D177 /* sample_video.m4v in Resources */,
				015A341317E7C62D007D83C2 /* twitter-logo-75px.png in Resources */,
				013C1B4817EF8D330083D177 /* email-icon-110px.png in Resources */,
				015A341517E7C928007D83C2 /* youtube-thumb.png in Resources */,
				015A341B17E7CA64007D83C2 /* donate-thumb@2x.png in Resources */,
				015A341D17E7CA9F007D83C2 /* donate-thumb.png in Resources */,
				013C1B3717EE1BFC0083D177 /* email-envelope-35px.png in Resources */,
				01F6595D17EFC9EF0087936E /* Default~ipad.png in Resources */,
				01DFE9EB17E7CF7500D1122A /* bassim-and-haifa.jpg in Resources */,
				013C1B3917EE1BFC0083D177 /* phone-35px.jpg in Resources */,
				013F395E17E93BE7006B5C6C /* paypal-logo.png in Resources */,
			);
			runOnlyForDeploymentPostprocessing = 0;
		};
		014342A517E15B3200BCE1F2 /* Resources */ = {
			isa = PBXResourcesBuildPhase;
			buildActionMask = 2147483647;
			files = (
				014342B417E15B3200BCE1F2 /* InfoPlist.strings in Resources */,
				013F395F17E93BE7006B5C6C /* paypal-logo.png in Resources */,
			);
			runOnlyForDeploymentPostprocessing = 0;
		};
/* End PBXResourcesBuildPhase section */

/* Begin PBXShellScriptBuildPhase section */
		014342A617E15B3200BCE1F2 /* ShellScript */ = {
			isa = PBXShellScriptBuildPhase;
			buildActionMask = 2147483647;
			files = (
			);
			inputPaths = (
			);
			outputPaths = (
			);
			runOnlyForDeploymentPostprocessing = 0;
			shellPath = /bin/sh;
			shellScript = "# Run the unit tests in this test bundle.\n\"${SYSTEM_DEVELOPER_DIR}/Tools/RunUnitTests\"\n";
		};
/* End PBXShellScriptBuildPhase section */

/* Begin PBXSourcesBuildPhase section */
		0143427017E15B3200BCE1F2 /* Sources */ = {
			isa = PBXSourcesBuildPhase;
			buildActionMask = 2147483647;
			files = (
				0143428417E15B3200BCE1F2 /* main.m in Sources */,
				0143428817E15B3200BCE1F2 /* AppDelegate.m in Sources */,
				01D5CA0B17E2A1EA00BA90A4 /* WatchViewController.m in Sources */,
				013C1B5517EFA4FD0083D177 /* VotdViewController.m in Sources */,
				01D5CA0E17E2A38800BA90A4 /* YouTubeChannelViewController.m in Sources */,
				01119DEB17E2A85800D96130 /* GetInvolvedViewController.m in Sources */,
				01119DEE17E2A8BF00D96130 /* MoreViewController.m in Sources */,
				01C4FA8C17E5F829002F3858 /* ContactUsViewController.m in Sources */,
				01DFE9F117E7D84200D1122A /* MeetTheFoundersViewController.m in Sources */,
				013C1B5117EF95B30083D177 /* IPadViewController.m in Sources */,
				01DFE9F417E7D9C900D1122A /* ConfessionOfFaithViewController.m in Sources */,
				01DFE9F717E7D9D300D1122A /* OurVisionViewController.m in Sources */,
			);
			runOnlyForDeploymentPostprocessing = 0;
		};
		014342A317E15B3200BCE1F2 /* Sources */ = {
			isa = PBXSourcesBuildPhase;
			buildActionMask = 2147483647;
			files = (
				013C1B5217EF96A90083D177 /* IPadViewController.m in Sources */,
				014342B717E15B3200BCE1F2 /* ABN_IOS_APPTests.m in Sources */,
			);
			runOnlyForDeploymentPostprocessing = 0;
		};
/* End PBXSourcesBuildPhase section */

/* Begin PBXTargetDependency section */
		014342AE17E15B3200BCE1F2 /* PBXTargetDependency */ = {
			isa = PBXTargetDependency;
			target = 0143427317E15B3200BCE1F2 /* ABN-IOS-APP */;
			targetProxy = 014342AD17E15B3200BCE1F2 /* PBXContainerItemProxy */;
		};
/* End PBXTargetDependency section */

/* Begin PBXVariantGroup section */
		0143428017E15B3200BCE1F2 /* InfoPlist.strings */ = {
			isa = PBXVariantGroup;
			children = (
				0143428117E15B3200BCE1F2 /* en */,
			);
			name = InfoPlist.strings;
			sourceTree = "<group>";
		};
		0143428F17E15B3200BCE1F2 /* MainStoryboard_iPhone.storyboard */ = {
			isa = PBXVariantGroup;
			children = (
				0143429017E15B3200BCE1F2 /* en */,
			);
			name = MainStoryboard_iPhone.storyboard;
			sourceTree = "<group>";
		};
		0143429217E15B3200BCE1F2 /* MainStoryboard_iPad.storyboard */ = {
			isa = PBXVariantGroup;
			children = (
				0143429317E15B3200BCE1F2 /* en */,
			);
			name = MainStoryboard_iPad.storyboard;
			sourceTree = "<group>";
		};
		014342B217E15B3200BCE1F2 /* InfoPlist.strings */ = {
			isa = PBXVariantGroup;
			children = (
				014342B317E15B3200BCE1F2 /* en */,
			);
			name = InfoPlist.strings;
			sourceTree = "<group>";
		};
/* End PBXVariantGroup section */

/* Begin XCBuildConfiguration section */
		014342B817E15B3200BCE1F2 /* Debug */ = {
			isa = XCBuildConfiguration;
			buildSettings = {
				ALWAYS_SEARCH_USER_PATHS = NO;
				CLANG_CXX_LANGUAGE_STANDARD = "gnu++0x";
				CLANG_CXX_LIBRARY = "libc++";
				CLANG_ENABLE_OBJC_ARC = YES;
				CLANG_WARN_CONSTANT_CONVERSION = YES;
				CLANG_WARN_EMPTY_BODY = YES;
				CLANG_WARN_ENUM_CONVERSION = YES;
				CLANG_WARN_INT_CONVERSION = YES;
				CLANG_WARN__DUPLICATE_METHOD_MATCH = YES;
				"CODE_SIGN_IDENTITY[sdk=iphoneos*]" = "iPhone Developer";
				COPY_PHASE_STRIP = NO;
				GCC_C_LANGUAGE_STANDARD = gnu99;
				GCC_DYNAMIC_NO_PIC = NO;
				GCC_OPTIMIZATION_LEVEL = 0;
				GCC_PREPROCESSOR_DEFINITIONS = (
					"DEBUG=1",
					"$(inherited)",
				);
				GCC_SYMBOLS_PRIVATE_EXTERN = NO;
				GCC_WARN_ABOUT_RETURN_TYPE = YES;
				GCC_WARN_UNINITIALIZED_AUTOS = YES;
				GCC_WARN_UNUSED_VARIABLE = YES;
				IPHONEOS_DEPLOYMENT_TARGET = 6.1;
				ONLY_ACTIVE_ARCH = YES;
				SDKROOT = iphoneos;
				TARGETED_DEVICE_FAMILY = "1,2";
			};
			name = Debug;
		};
		014342B917E15B3200BCE1F2 /* Release */ = {
			isa = XCBuildConfiguration;
			buildSettings = {
				ALWAYS_SEARCH_USER_PATHS = NO;
				CLANG_CXX_LANGUAGE_STANDARD = "gnu++0x";
				CLANG_CXX_LIBRARY = "libc++";
				CLANG_ENABLE_OBJC_ARC = YES;
				CLANG_WARN_CONSTANT_CONVERSION = YES;
				CLANG_WARN_EMPTY_BODY = YES;
				CLANG_WARN_ENUM_CONVERSION = YES;
				CLANG_WARN_INT_CONVERSION = YES;
				CLANG_WARN__DUPLICATE_METHOD_MATCH = YES;
				"CODE_SIGN_IDENTITY[sdk=iphoneos*]" = "iPhone Developer";
				COPY_PHASE_STRIP = YES;
				GCC_C_LANGUAGE_STANDARD = gnu99;
				GCC_WARN_ABOUT_RETURN_TYPE = YES;
				GCC_WARN_UNINITIALIZED_AUTOS = YES;
				GCC_WARN_UNUSED_VARIABLE = YES;
				IPHONEOS_DEPLOYMENT_TARGET = 6.1;
				OTHER_CFLAGS = "-DNS_BLOCK_ASSERTIONS=1";
				SDKROOT = iphoneos;
				TARGETED_DEVICE_FAMILY = "1,2";
				VALIDATE_PRODUCT = YES;
			};
			name = Release;
		};
		014342BB17E15B3200BCE1F2 /* Debug */ = {
			isa = XCBuildConfiguration;
			buildSettings = {
				GCC_PRECOMPILE_PREFIX_HEADER = YES;
				GCC_PREFIX_HEADER = "ABN-IOS-APP/ABN-IOS-APP-Prefix.pch";
				INFOPLIST_FILE = "ABN-IOS-APP/ABN-IOS-APP-Info.plist";
				LIBRARY_SEARCH_PATHS = (
					"$(inherited)",
					"\"$(SRCROOT)/ABN-IOS-APP/PayPalMobile\"",
				);
				OTHER_LDFLAGS = (
					"-lc++",
					"-ObjC",
				);
				PRODUCT_NAME = "$(TARGET_NAME)";
				VALID_ARCHS = "armv7 armv7s";
				WRAPPER_EXTENSION = app;
			};
			name = Debug;
		};
		014342BC17E15B3200BCE1F2 /* Release */ = {
			isa = XCBuildConfiguration;
			buildSettings = {
				GCC_PRECOMPILE_PREFIX_HEADER = YES;
				GCC_PREFIX_HEADER = "ABN-IOS-APP/ABN-IOS-APP-Prefix.pch";
				INFOPLIST_FILE = "ABN-IOS-APP/ABN-IOS-APP-Info.plist";
				LIBRARY_SEARCH_PATHS = (
					"$(inherited)",
					"\"$(SRCROOT)/ABN-IOS-APP/PayPalMobile\"",
				);
				ONLY_ACTIVE_ARCH = YES;
				OTHER_LDFLAGS = (
					"-lc++",
					"-ObjC",
				);
				PRODUCT_NAME = "$(TARGET_NAME)";
				VALID_ARCHS = "armv7 armv7s";
				WRAPPER_EXTENSION = app;
			};
			name = Release;
		};
		014342BE17E15B3200BCE1F2 /* Debug */ = {
			isa = XCBuildConfiguration;
			buildSettings = {
				BUNDLE_LOADER = "$(BUILT_PRODUCTS_DIR)/ABN-IOS-APP.app/ABN-IOS-APP";
				FRAMEWORK_SEARCH_PATHS = (
					"\"$(SDKROOT)/Developer/Library/Frameworks\"",
					"\"$(DEVELOPER_LIBRARY_DIR)/Frameworks\"",
				);
				GCC_PRECOMPILE_PREFIX_HEADER = YES;
				GCC_PREFIX_HEADER = "ABN-IOS-APP/ABN-IOS-APP-Prefix.pch";
				INFOPLIST_FILE = "ABN-IOS-APPTests/ABN-IOS-APPTests-Info.plist";
				LIBRARY_SEARCH_PATHS = (
					"$(inherited)",
					"\"$(SRCROOT)/ABN-IOS-APP/PayPalMobile\"",
				);
				PRODUCT_NAME = "$(TARGET_NAME)";
				TEST_HOST = "$(BUNDLE_LOADER)";
				WRAPPER_EXTENSION = octest;
			};
			name = Debug;
		};
		014342BF17E15B3200BCE1F2 /* Release */ = {
			isa = XCBuildConfiguration;
			buildSettings = {
				BUNDLE_LOADER = "$(BUILT_PRODUCTS_DIR)/ABN-IOS-APP.app/ABN-IOS-APP";
				FRAMEWORK_SEARCH_PATHS = (
					"\"$(SDKROOT)/Developer/Library/Frameworks\"",
					"\"$(DEVELOPER_LIBRARY_DIR)/Frameworks\"",
				);
				GCC_PRECOMPILE_PREFIX_HEADER = YES;
				GCC_PREFIX_HEADER = "ABN-IOS-APP/ABN-IOS-APP-Prefix.pch";
				INFOPLIST_FILE = "ABN-IOS-APPTests/ABN-IOS-APPTests-Info.plist";
				LIBRARY_SEARCH_PATHS = (
					"$(inherited)",
					"\"$(SRCROOT)/ABN-IOS-APP/PayPalMobile\"",
				);
				PRODUCT_NAME = "$(TARGET_NAME)";
				TEST_HOST = "$(BUNDLE_LOADER)";
				WRAPPER_EXTENSION = octest;
			};
			name = Release;
		};
/* End XCBuildConfiguration section */

/* Begin XCConfigurationList section */
		0143426F17E15B3200BCE1F2 /* Build configuration list for PBXProject "ABN-IOS-APP" */ = {
			isa = XCConfigurationList;
			buildConfigurations = (
				014342B817E15B3200BCE1F2 /* Debug */,
				014342B917E15B3200BCE1F2 /* Release */,
			);
			defaultConfigurationIsVisible = 0;
			defaultConfigurationName = Release;
		};
		014342BA17E15B3200BCE1F2 /* Build configuration list for PBXNativeTarget "ABN-IOS-APP" */ = {
			isa = XCConfigurationList;
			buildConfigurations = (
				014342BB17E15B3200BCE1F2 /* Debug */,
				014342BC17E15B3200BCE1F2 /* Release */,
			);
			defaultConfigurationIsVisible = 0;
			defaultConfigurationName = Release;
		};
		014342BD17E15B3200BCE1F2 /* Build configuration list for PBXNativeTarget "ABN-IOS-APPTests" */ = {
			isa = XCConfigurationList;
			buildConfigurations = (
				014342BE17E15B3200BCE1F2 /* Debug */,
				014342BF17E15B3200BCE1F2 /* Release */,
			);
			defaultConfigurationIsVisible = 0;
			defaultConfigurationName = Release;
		};
/* End XCConfigurationList section */
	};
	rootObject = 0143426C17E15B3200BCE1F2 /* Project object */;
}
