// !$*UTF8*$!
{
	archiveVersion = 1;
	classes = {
	};
	objectVersion = 46;
	objects = {

/* Begin PBXBuildFile section */
		01119DEB17E2A85800D96130 /* GetInvolvedViewController.m in Sources */ = {isa = PBXBuildFile; fileRef = 01119DEA17E2A85800D96130 /* GetInvolvedViewController.m */; };
		01119DEE17E2A8BF00D96130 /* MoreViewController.m in Sources */ = {isa = PBXBuildFile; fileRef = 01119DED17E2A8BF00D96130 /* MoreViewController.m */; };
		0143427817E15B3200BCE1F2 /* UIKit.framework in Frameworks */ = {isa = PBXBuildFile; fileRef = 0143427717E15B3200BCE1F2 /* UIKit.framework */; };
		0143427A17E15B3200BCE1F2 /* Foundation.framework in Frameworks */ = {isa = PBXBuildFile; fileRef = 0143427917E15B3200BCE1F2 /* Foundation.framework */; };
		0143427C17E15B3200BCE1F2 /* CoreGraphics.framework in Frameworks */ = {isa = PBXBuildFile; fileRef = 0143427B17E15B3200BCE1F2 /* CoreGraphics.framework */; };
		0143428217E15B3200BCE1F2 /* InfoPlist.strings in Resources */ = {isa = PBXBuildFile; fileRef = 0143428017E15B3200BCE1F2 /* InfoPlist.strings */; };
		0143428417E15B3200BCE1F2 /* main.m in Sources */ = {isa = PBXBuildFile; fileRef = 0143428317E15B3200BCE1F2 /* main.m */; };
		0143428817E15B3200BCE1F2 /* AppDelegate.m in Sources */ = {isa = PBXBuildFile; fileRef = 0143428717E15B3200BCE1F2 /* AppDelegate.m */; };
		0143428A17E15B3200BCE1F2 /* Default.png in Resources */ = {isa = PBXBuildFile; fileRef = 0143428917E15B3200BCE1F2 /* Default.png */; };
		0143428C17E15B3200BCE1F2 /* Default@2x.png in Resources */ = {isa = PBXBuildFile; fileRef = 0143428B17E15B3200BCE1F2 /* Default@2x.png */; };
		0143428E17E15B3200BCE1F2 /* Default-568h@2x.png in Resources */ = {isa = PBXBuildFile; fileRef = 0143428D17E15B3200BCE1F2 /* Default-568h@2x.png */; };
		0143429117E15B3200BCE1F2 /* MainStoryboard_iPhone.storyboard in Resources */ = {isa = PBXBuildFile; fileRef = 0143428F17E15B3200BCE1F2 /* MainStoryboard_iPhone.storyboard */; };
		0143429417E15B3200BCE1F2 /* MainStoryboard_iPad.storyboard in Resources */ = {isa = PBXBuildFile; fileRef = 0143429217E15B3200BCE1F2 /* MainStoryboard_iPad.storyboard */; };
		0143429717E15B3200BCE1F2 /* FirstViewController.m in Sources */ = {isa = PBXBuildFile; fileRef = 0143429617E15B3200BCE1F2 /* FirstViewController.m */; };
		0143429917E15B3200BCE1F2 /* first.png in Resources */ = {isa = PBXBuildFile; fileRef = 0143429817E15B3200BCE1F2 /* first.png */; };
		0143429B17E15B3200BCE1F2 /* first@2x.png in Resources */ = {isa = PBXBuildFile; fileRef = 0143429A17E15B3200BCE1F2 /* first@2x.png */; };
		0143429E17E15B3200BCE1F2 /* SecondViewController.m in Sources */ = {isa = PBXBuildFile; fileRef = 0143429D17E15B3200BCE1F2 /* SecondViewController.m */; };
		014342A017E15B3200BCE1F2 /* second.png in Resources */ = {isa = PBXBuildFile; fileRef = 0143429F17E15B3200BCE1F2 /* second.png */; };
		014342A217E15B3200BCE1F2 /* second@2x.png in Resources */ = {isa = PBXBuildFile; fileRef = 014342A117E15B3200BCE1F2 /* second@2x.png */; };
		014342AA17E15B3200BCE1F2 /* SenTestingKit.framework in Frameworks */ = {isa = PBXBuildFile; fileRef = 014342A917E15B3200BCE1F2 /* SenTestingKit.framework */; };
		014342AB17E15B3200BCE1F2 /* UIKit.framework in Frameworks */ = {isa = PBXBuildFile; fileRef = 0143427717E15B3200BCE1F2 /* UIKit.framework */; };
		014342AC17E15B3200BCE1F2 /* Foundation.framework in Frameworks */ = {isa = PBXBuildFile; fileRef = 0143427917E15B3200BCE1F2 /* Foundation.framework */; };
		014342B417E15B3200BCE1F2 /* InfoPlist.strings in Resources */ = {isa = PBXBuildFile; fileRef = 014342B217E15B3200BCE1F2 /* InfoPlist.strings */; };
		014342B717E15B3200BCE1F2 /* ABN_IOS_APPTests.m in Sources */ = {isa = PBXBuildFile; fileRef = 014342B617E15B3200BCE1F2 /* ABN_IOS_APPTests.m */; };
		01D5C9E217E28E1C00BA90A4 /* abn-globe-logo.png in Resources */ = {isa = PBXBuildFile; fileRef = 01D5C9E117E28E1C00BA90A4 /* abn-globe-logo.png */; };
		01D5C9E417E28FE800BA90A4 /* donate-thumbnail.png in Resources */ = {isa = PBXBuildFile; fileRef = 01D5C9E317E28FE800BA90A4 /* donate-thumbnail.png */; };
		01D5C9E617E2904300BA90A4 /* contact-thumbnail.png in Resources */ = {isa = PBXBuildFile; fileRef = 01D5C9E517E2904300BA90A4 /* contact-thumbnail.png */; };
		01D5C9E817E290A400BA90A4 /* watch-thumbnail.png in Resources */ = {isa = PBXBuildFile; fileRef = 01D5C9E717E290A400BA90A4 /* watch-thumbnail.png */; };
		01D5C9EA17E290E000BA90A4 /* youtube-thumbnail.png in Resources */ = {isa = PBXBuildFile; fileRef = 01D5C9E917E290E000BA90A4 /* youtube-thumbnail.png */; };
		01D5C9EC17E2911E00BA90A4 /* elipses-thumbnail.png in Resources */ = {isa = PBXBuildFile; fileRef = 01D5C9EB17E2911E00BA90A4 /* elipses-thumbnail.png */; };
		01D5C9F717E2971500BA90A4 /* contact-thumb@2x.png in Resources */ = {isa = PBXBuildFile; fileRef = 01D5C9ED17E2971500BA90A4 /* contact-thumb@2x.png */; };
		01D5C9F817E2971500BA90A4 /* contact-thumb.png in Resources */ = {isa = PBXBuildFile; fileRef = 01D5C9EE17E2971500BA90A4 /* contact-thumb.png */; };
		01D5C9FA17E2971500BA90A4 /* donate-thumb@2x.png in Resources */ = {isa = PBXBuildFile; fileRef = 01D5C9F017E2971500BA90A4 /* donate-thumb@2x.png */; };
		01D5C9FB17E2971500BA90A4 /* elipses-thumb@2x.png in Resources */ = {isa = PBXBuildFile; fileRef = 01D5C9F117E2971500BA90A4 /* elipses-thumb@2x.png */; };
		01D5C9FC17E2971500BA90A4 /* elipses-thumb.png in Resources */ = {isa = PBXBuildFile; fileRef = 01D5C9F217E2971500BA90A4 /* elipses-thumb.png */; };
		01D5C9FD17E2971500BA90A4 /* watch-thumb@2x.png in Resources */ = {isa = PBXBuildFile; fileRef = 01D5C9F317E2971500BA90A4 /* watch-thumb@2x.png */; };
		01D5C9FE17E2971500BA90A4 /* watch-thumb.png in Resources */ = {isa = PBXBuildFile; fileRef = 01D5C9F417E2971500BA90A4 /* watch-thumb.png */; };
		01D5C9FF17E2971500BA90A4 /* youtube-thumb@2x.png in Resources */ = {isa = PBXBuildFile; fileRef = 01D5C9F517E2971500BA90A4 /* youtube-thumb@2x.png */; };
		01D5CA0617E2984E00BA90A4 /* youtube-thumb.png in Resources */ = {isa = PBXBuildFile; fileRef = 01D5CA0517E2984E00BA90A4 /* youtube-thumb.png */; };
		01D5CA0817E298D900BA90A4 /* donate-thumb.png in Resources */ = {isa = PBXBuildFile; fileRef = 01D5CA0717E298D900BA90A4 /* donate-thumb.png */; };
		01D5CA0B17E2A1EA00BA90A4 /* WatchViewController.m in Sources */ = {isa = PBXBuildFile; fileRef = 01D5CA0A17E2A1EA00BA90A4 /* WatchViewController.m */; };
		01D5CA0E17E2A38800BA90A4 /* YouTubeChannelViewController.m in Sources */ = {isa = PBXBuildFile; fileRef = 01D5CA0D17E2A38800BA90A4 /* YouTubeChannelViewController.m */; };
/* End PBXBuildFile section */

/* Begin PBXContainerItemProxy section */
		014342AD17E15B3200BCE1F2 /* PBXContainerItemProxy */ = {
			isa = PBXContainerItemProxy;
			containerPortal = 0143426C17E15B3200BCE1F2 /* Project object */;
			proxyType = 1;
			remoteGlobalIDString = 0143427317E15B3200BCE1F2;
			remoteInfo = "ABN-IOS-APP";
		};
/* End PBXContainerItemProxy section */

/* Begin PBXFileReference section */
		01119DE917E2A85800D96130 /* GetInvolvedViewController.h */ = {isa = PBXFileReference; fileEncoding = 4; lastKnownFileType = sourcecode.c.h; path = GetInvolvedViewController.h; sourceTree = "<group>"; };
		01119DEA17E2A85800D96130 /* GetInvolvedViewController.m */ = {isa = PBXFileReference; fileEncoding = 4; lastKnownFileType = sourcecode.c.objc; path = GetInvolvedViewController.m; sourceTree = "<group>"; };
		01119DEC17E2A8BF00D96130 /* MoreViewController.h */ = {isa = PBXFileReference; fileEncoding = 4; lastKnownFileType = sourcecode.c.h; path = MoreViewController.h; sourceTree = "<group>"; };
		01119DED17E2A8BF00D96130 /* MoreViewController.m */ = {isa = PBXFileReference; fileEncoding = 4; lastKnownFileType = sourcecode.c.objc; path = MoreViewController.m; sourceTree = "<group>"; };
		0143427417E15B3200BCE1F2 /* ABN-IOS-APP.app */ = {isa = PBXFileReference; explicitFileType = wrapper.application; includeInIndex = 0; path = "ABN-IOS-APP.app"; sourceTree = BUILT_PRODUCTS_DIR; };
		0143427717E15B3200BCE1F2 /* UIKit.framework */ = {isa = PBXFileReference; lastKnownFileType = wrapper.framework; name = UIKit.framework; path = System/Library/Frameworks/UIKit.framework; sourceTree = SDKROOT; };
		0143427917E15B3200BCE1F2 /* Foundation.framework */ = {isa = PBXFileReference; lastKnownFileType = wrapper.framework; name = Foundation.framework; path = System/Library/Frameworks/Foundation.framework; sourceTree = SDKROOT; };
		0143427B17E15B3200BCE1F2 /* CoreGraphics.framework */ = {isa = PBXFileReference; lastKnownFileType = wrapper.framework; name = CoreGraphics.framework; path = System/Library/Frameworks/CoreGraphics.framework; sourceTree = SDKROOT; };
		0143427F17E15B3200BCE1F2 /* ABN-IOS-APP-Info.plist */ = {isa = PBXFileReference; lastKnownFileType = text.plist.xml; path = "ABN-IOS-APP-Info.plist"; sourceTree = "<group>"; };
		0143428117E15B3200BCE1F2 /* en */ = {isa = PBXFileReference; lastKnownFileType = text.plist.strings; name = en; path = en.lproj/InfoPlist.strings; sourceTree = "<group>"; };
		0143428317E15B3200BCE1F2 /* main.m */ = {isa = PBXFileReference; lastKnownFileType = sourcecode.c.objc; path = main.m; sourceTree = "<group>"; };
		0143428517E15B3200BCE1F2 /* ABN-IOS-APP-Prefix.pch */ = {isa = PBXFileReference; lastKnownFileType = sourcecode.c.h; path = "ABN-IOS-APP-Prefix.pch"; sourceTree = "<group>"; };
		0143428617E15B3200BCE1F2 /* AppDelegate.h */ = {isa = PBXFileReference; lastKnownFileType = sourcecode.c.h; path = AppDelegate.h; sourceTree = "<group>"; };
		0143428717E15B3200BCE1F2 /* AppDelegate.m */ = {isa = PBXFileReference; lastKnownFileType = sourcecode.c.objc; path = AppDelegate.m; sourceTree = "<group>"; };
		0143428917E15B3200BCE1F2 /* Default.png */ = {isa = PBXFileReference; lastKnownFileType = image.png; path = Default.png; sourceTree = "<group>"; };
		0143428B17E15B3200BCE1F2 /* Default@2x.png */ = {isa = PBXFileReference; lastKnownFileType = image.png; path = "Default@2x.png"; sourceTree = "<group>"; };
		0143428D17E15B3200BCE1F2 /* Default-568h@2x.png */ = {isa = PBXFileReference; lastKnownFileType = image.png; path = "Default-568h@2x.png"; sourceTree = "<group>"; };
		0143429017E15B3200BCE1F2 /* en */ = {isa = PBXFileReference; lastKnownFileType = file.storyboard; name = en; path = en.lproj/MainStoryboard_iPhone.storyboard; sourceTree = "<group>"; };
		0143429317E15B3200BCE1F2 /* en */ = {isa = PBXFileReference; lastKnownFileType = file.storyboard; name = en; path = en.lproj/MainStoryboard_iPad.storyboard; sourceTree = "<group>"; };
		0143429517E15B3200BCE1F2 /* FirstViewController.h */ = {isa = PBXFileReference; lastKnownFileType = sourcecode.c.h; path = FirstViewController.h; sourceTree = "<group>"; };
		0143429617E15B3200BCE1F2 /* FirstViewController.m */ = {isa = PBXFileReference; lastKnownFileType = sourcecode.c.objc; path = FirstViewController.m; sourceTree = "<group>"; };
		0143429817E15B3200BCE1F2 /* first.png */ = {isa = PBXFileReference; lastKnownFileType = image.png; path = first.png; sourceTree = "<group>"; };
		0143429A17E15B3200BCE1F2 /* first@2x.png */ = {isa = PBXFileReference; lastKnownFileType = image.png; path = "first@2x.png"; sourceTree = "<group>"; };
		0143429C17E15B3200BCE1F2 /* SecondViewController.h */ = {isa = PBXFileReference; lastKnownFileType = sourcecode.c.h; path = SecondViewController.h; sourceTree = "<group>"; };
		0143429D17E15B3200BCE1F2 /* SecondViewController.m */ = {isa = PBXFileReference; lastKnownFileType = sourcecode.c.objc; path = SecondViewController.m; sourceTree = "<group>"; };
		0143429F17E15B3200BCE1F2 /* second.png */ = {isa = PBXFileReference; lastKnownFileType = image.png; path = second.png; sourceTree = "<group>"; };
		014342A117E15B3200BCE1F2 /* second@2x.png */ = {isa = PBXFileReference; lastKnownFileType = image.png; path = "second@2x.png"; sourceTree = "<group>"; };
		014342A817E15B3200BCE1F2 /* ABN-IOS-APPTests.octest */ = {isa = PBXFileReference; explicitFileType = wrapper.cfbundle; includeInIndex = 0; path = "ABN-IOS-APPTests.octest"; sourceTree = BUILT_PRODUCTS_DIR; };
		014342A917E15B3200BCE1F2 /* SenTestingKit.framework */ = {isa = PBXFileReference; lastKnownFileType = wrapper.framework; name = SenTestingKit.framework; path = Library/Frameworks/SenTestingKit.framework; sourceTree = DEVELOPER_DIR; };
		014342B117E15B3200BCE1F2 /* ABN-IOS-APPTests-Info.plist */ = {isa = PBXFileReference; lastKnownFileType = text.plist.xml; path = "ABN-IOS-APPTests-Info.plist"; sourceTree = "<group>"; };
		014342B317E15B3200BCE1F2 /* en */ = {isa = PBXFileReference; lastKnownFileType = text.plist.strings; name = en; path = en.lproj/InfoPlist.strings; sourceTree = "<group>"; };
		014342B517E15B3200BCE1F2 /* ABN_IOS_APPTests.h */ = {isa = PBXFileReference; lastKnownFileType = sourcecode.c.h; path = ABN_IOS_APPTests.h; sourceTree = "<group>"; };
		014342B617E15B3200BCE1F2 /* ABN_IOS_APPTests.m */ = {isa = PBXFileReference; lastKnownFileType = sourcecode.c.objc; path = ABN_IOS_APPTests.m; sourceTree = "<group>"; };
		01D5C9E117E28E1C00BA90A4 /* abn-globe-logo.png */ = {isa = PBXFileReference; lastKnownFileType = image.png; path = "abn-globe-logo.png"; sourceTree = "<group>"; };
		01D5C9E317E28FE800BA90A4 /* donate-thumbnail.png */ = {isa = PBXFileReference; lastKnownFileType = image.png; path = "donate-thumbnail.png"; sourceTree = "<group>"; };
		01D5C9E517E2904300BA90A4 /* contact-thumbnail.png */ = {isa = PBXFileReference; lastKnownFileType = image.png; path = "contact-thumbnail.png"; sourceTree = "<group>"; };
		01D5C9E717E290A400BA90A4 /* watch-thumbnail.png */ = {isa = PBXFileReference; lastKnownFileType = image.png; path = "watch-thumbnail.png"; sourceTree = "<group>"; };
		01D5C9E917E290E000BA90A4 /* youtube-thumbnail.png */ = {isa = PBXFileReference; lastKnownFileType = image.png; path = "youtube-thumbnail.png"; sourceTree = "<group>"; };
		01D5C9EB17E2911E00BA90A4 /* elipses-thumbnail.png */ = {isa = PBXFileReference; lastKnownFileType = image.png; path = "elipses-thumbnail.png"; sourceTree = "<group>"; };
		01D5C9ED17E2971500BA90A4 /* contact-thumb@2x.png */ = {isa = PBXFileReference; lastKnownFileType = image.png; path = "contact-thumb@2x.png"; sourceTree = "<group>"; };
		01D5C9EE17E2971500BA90A4 /* contact-thumb.png */ = {isa = PBXFileReference; lastKnownFileType = image.png; path = "contact-thumb.png"; sourceTree = "<group>"; };
		01D5C9F017E2971500BA90A4 /* donate-thumb@2x.png */ = {isa = PBXFileReference; lastKnownFileType = image.png; path = "donate-thumb@2x.png"; sourceTree = "<group>"; };
		01D5C9F117E2971500BA90A4 /* elipses-thumb@2x.png */ = {isa = PBXFileReference; lastKnownFileType = image.png; path = "elipses-thumb@2x.png"; sourceTree = "<group>"; };
		01D5C9F217E2971500BA90A4 /* elipses-thumb.png */ = {isa = PBXFileReference; lastKnownFileType = image.png; path = "elipses-thumb.png"; sourceTree = "<group>"; };
		01D5C9F317E2971500BA90A4 /* watch-thumb@2x.png */ = {isa = PBXFileReference; lastKnownFileType = image.png; path = "watch-thumb@2x.png"; sourceTree = "<group>"; };
		01D5C9F417E2971500BA90A4 /* watch-thumb.png */ = {isa = PBXFileReference; lastKnownFileType = image.png; path = "watch-thumb.png"; sourceTree = "<group>"; };
		01D5C9F517E2971500BA90A4 /* youtube-thumb@2x.png */ = {isa = PBXFileReference; lastKnownFileType = image.png; path = "youtube-thumb@2x.png"; sourceTree = "<group>"; };
		01D5CA0517E2984E00BA90A4 /* youtube-thumb.png */ = {isa = PBXFileReference; lastKnownFileType = image.png; path = "youtube-thumb.png"; sourceTree = "<group>"; };
		01D5CA0717E298D900BA90A4 /* donate-thumb.png */ = {isa = PBXFileReference; lastKnownFileType = image.png; path = "donate-thumb.png"; sourceTree = "<group>"; };
		01D5CA0917E2A1EA00BA90A4 /* WatchViewController.h */ = {isa = PBXFileReference; fileEncoding = 4; lastKnownFileType = sourcecode.c.h; path = WatchViewController.h; sourceTree = "<group>"; };
		01D5CA0A17E2A1EA00BA90A4 /* WatchViewController.m */ = {isa = PBXFileReference; fileEncoding = 4; lastKnownFileType = sourcecode.c.objc; path = WatchViewController.m; sourceTree = "<group>"; };
		01D5CA0C17E2A38800BA90A4 /* YouTubeChannelViewController.h */ = {isa = PBXFileReference; fileEncoding = 4; lastKnownFileType = sourcecode.c.h; path = YouTubeChannelViewController.h; sourceTree = "<group>"; };
		01D5CA0D17E2A38800BA90A4 /* YouTubeChannelViewController.m */ = {isa = PBXFileReference; fileEncoding = 4; lastKnownFileType = sourcecode.c.objc; path = YouTubeChannelViewController.m; sourceTree = "<group>"; };
/* End PBXFileReference section */

/* Begin PBXFrameworksBuildPhase section */
		0143427117E15B3200BCE1F2 /* Frameworks */ = {
			isa = PBXFrameworksBuildPhase;
			buildActionMask = 2147483647;
			files = (
				0143427817E15B3200BCE1F2 /* UIKit.framework in Frameworks */,
				0143427A17E15B3200BCE1F2 /* Foundation.framework in Frameworks */,
				0143427C17E15B3200BCE1F2 /* CoreGraphics.framework in Frameworks */,
			);
			runOnlyForDeploymentPostprocessing = 0;
		};
		014342A417E15B3200BCE1F2 /* Frameworks */ = {
			isa = PBXFrameworksBuildPhase;
			buildActionMask = 2147483647;
			files = (
				014342AA17E15B3200BCE1F2 /* SenTestingKit.framework in Frameworks */,
				014342AB17E15B3200BCE1F2 /* UIKit.framework in Frameworks */,
				014342AC17E15B3200BCE1F2 /* Foundation.framework in Frameworks */,
			);
			runOnlyForDeploymentPostprocessing = 0;
		};
/* End PBXFrameworksBuildPhase section */

/* Begin PBXGroup section */
		0143426B17E15B3200BCE1F2 = {
			isa = PBXGroup;
			children = (
				0143427D17E15B3200BCE1F2 /* ABN-IOS-APP */,
				014342AF17E15B3200BCE1F2 /* ABN-IOS-APPTests */,
				0143427617E15B3200BCE1F2 /* Frameworks */,
				0143427517E15B3200BCE1F2 /* Products */,
			);
			sourceTree = "<group>";
		};
		0143427517E15B3200BCE1F2 /* Products */ = {
			isa = PBXGroup;
			children = (
				0143427417E15B3200BCE1F2 /* ABN-IOS-APP.app */,
				014342A817E15B3200BCE1F2 /* ABN-IOS-APPTests.octest */,
			);
			name = Products;
			sourceTree = "<group>";
		};
		0143427617E15B3200BCE1F2 /* Frameworks */ = {
			isa = PBXGroup;
			children = (
				0143427717E15B3200BCE1F2 /* UIKit.framework */,
				0143427917E15B3200BCE1F2 /* Foundation.framework */,
				0143427B17E15B3200BCE1F2 /* CoreGraphics.framework */,
				014342A917E15B3200BCE1F2 /* SenTestingKit.framework */,
			);
			name = Frameworks;
			sourceTree = "<group>";
		};
		0143427D17E15B3200BCE1F2 /* ABN-IOS-APP */ = {
			isa = PBXGroup;
			children = (
				01119DEC17E2A8BF00D96130 /* MoreViewController.h */,
				01119DED17E2A8BF00D96130 /* MoreViewController.m */,
				01119DE917E2A85800D96130 /* GetInvolvedViewController.h */,
				01119DEA17E2A85800D96130 /* GetInvolvedViewController.m */,
				01D5CA0C17E2A38800BA90A4 /* YouTubeChannelViewController.h */,
				01D5CA0D17E2A38800BA90A4 /* YouTubeChannelViewController.m */,
				01D5CA0917E2A1EA00BA90A4 /* WatchViewController.h */,
				01D5CA0A17E2A1EA00BA90A4 /* WatchViewController.m */,
				0143428617E15B3200BCE1F2 /* AppDelegate.h */,
				0143428717E15B3200BCE1F2 /* AppDelegate.m */,
				0143428F17E15B3200BCE1F2 /* MainStoryboard_iPhone.storyboard */,
				0143429217E15B3200BCE1F2 /* MainStoryboard_iPad.storyboard */,
				0143429517E15B3200BCE1F2 /* FirstViewController.h */,
				0143429617E15B3200BCE1F2 /* FirstViewController.m */,
				0143429C17E15B3200BCE1F2 /* SecondViewController.h */,
				0143429D17E15B3200BCE1F2 /* SecondViewController.m */,
				0143427E17E15B3200BCE1F2 /* Supporting Files */,
			);
			path = "ABN-IOS-APP";
			sourceTree = "<group>";
		};
		0143427E17E15B3200BCE1F2 /* Supporting Files */ = {
			isa = PBXGroup;
			children = (
				01D5C9E017E28D2800BA90A4 /* images */,
				0143427F17E15B3200BCE1F2 /* ABN-IOS-APP-Info.plist */,
				0143428017E15B3200BCE1F2 /* InfoPlist.strings */,
				0143428317E15B3200BCE1F2 /* main.m */,
				0143428517E15B3200BCE1F2 /* ABN-IOS-APP-Prefix.pch */,
				0143428917E15B3200BCE1F2 /* Default.png */,
				0143428B17E15B3200BCE1F2 /* Default@2x.png */,
				0143428D17E15B3200BCE1F2 /* Default-568h@2x.png */,
			);
			name = "Supporting Files";
			sourceTree = "<group>";
		};
		014342AF17E15B3200BCE1F2 /* ABN-IOS-APPTests */ = {
			isa = PBXGroup;
			children = (
				014342B517E15B3200BCE1F2 /* ABN_IOS_APPTests.h */,
				014342B617E15B3200BCE1F2 /* ABN_IOS_APPTests.m */,
				014342B017E15B3200BCE1F2 /* Supporting Files */,
			);
			path = "ABN-IOS-APPTests";
			sourceTree = "<group>";
		};
		014342B017E15B3200BCE1F2 /* Supporting Files */ = {
			isa = PBXGroup;
			children = (
				014342B117E15B3200BCE1F2 /* ABN-IOS-APPTests-Info.plist */,
				014342B217E15B3200BCE1F2 /* InfoPlist.strings */,
			);
			name = "Supporting Files";
			sourceTree = "<group>";
		};
		01D5C9E017E28D2800BA90A4 /* images */ = {
			isa = PBXGroup;
			children = (
				01D5CA0717E298D900BA90A4 /* donate-thumb.png */,
				01D5CA0517E2984E00BA90A4 /* youtube-thumb.png */,
				01D5C9ED17E2971500BA90A4 /* contact-thumb@2x.png */,
				01D5C9EE17E2971500BA90A4 /* contact-thumb.png */,
				01D5C9F017E2971500BA90A4 /* donate-thumb@2x.png */,
				01D5C9F117E2971500BA90A4 /* elipses-thumb@2x.png */,
				01D5C9F217E2971500BA90A4 /* elipses-thumb.png */,
				01D5C9F317E2971500BA90A4 /* watch-thumb@2x.png */,
				01D5C9F417E2971500BA90A4 /* watch-thumb.png */,
				01D5C9F517E2971500BA90A4 /* youtube-thumb@2x.png */,
				01D5C9EB17E2911E00BA90A4 /* elipses-thumbnail.png */,
				01D5C9E917E290E000BA90A4 /* youtube-thumbnail.png */,
				01D5C9E717E290A400BA90A4 /* watch-thumbnail.png */,
				01D5C9E517E2904300BA90A4 /* contact-thumbnail.png */,
				01D5C9E317E28FE800BA90A4 /* donate-thumbnail.png */,
				01D5C9E117E28E1C00BA90A4 /* abn-globe-logo.png */,
				0143429817E15B3200BCE1F2 /* first.png */,
				0143429A17E15B3200BCE1F2 /* first@2x.png */,
				0143429F17E15B3200BCE1F2 /* second.png */,
				014342A117E15B3200BCE1F2 /* second@2x.png */,
			);
			name = images;
			sourceTree = "<group>";
		};
/* End PBXGroup section */

/* Begin PBXNativeTarget section */
		0143427317E15B3200BCE1F2 /* ABN-IOS-APP */ = {
			isa = PBXNativeTarget;
			buildConfigurationList = 014342BA17E15B3200BCE1F2 /* Build configuration list for PBXNativeTarget "ABN-IOS-APP" */;
			buildPhases = (
				0143427017E15B3200BCE1F2 /* Sources */,
				0143427117E15B3200BCE1F2 /* Frameworks */,
				0143427217E15B3200BCE1F2 /* Resources */,
			);
			buildRules = (
			);
			dependencies = (
			);
			name = "ABN-IOS-APP";
			productName = "ABN-IOS-APP";
			productReference = 0143427417E15B3200BCE1F2 /* ABN-IOS-APP.app */;
			productType = "com.apple.product-type.application";
		};
		014342A717E15B3200BCE1F2 /* ABN-IOS-APPTests */ = {
			isa = PBXNativeTarget;
			buildConfigurationList = 014342BD17E15B3200BCE1F2 /* Build configuration list for PBXNativeTarget "ABN-IOS-APPTests" */;
			buildPhases = (
				014342A317E15B3200BCE1F2 /* Sources */,
				014342A417E15B3200BCE1F2 /* Frameworks */,
				014342A517E15B3200BCE1F2 /* Resources */,
				014342A617E15B3200BCE1F2 /* ShellScript */,
			);
			buildRules = (
			);
			dependencies = (
				014342AE17E15B3200BCE1F2 /* PBXTargetDependency */,
			);
			name = "ABN-IOS-APPTests";
			productName = "ABN-IOS-APPTests";
			productReference = 014342A817E15B3200BCE1F2 /* ABN-IOS-APPTests.octest */;
			productType = "com.apple.product-type.bundle";
		};
/* End PBXNativeTarget section */

/* Begin PBXProject section */
		0143426C17E15B3200BCE1F2 /* Project object */ = {
			isa = PBXProject;
			attributes = {
				LastUpgradeCheck = 0460;
				ORGANIZATIONNAME = "Gorial, Sam";
			};
			buildConfigurationList = 0143426F17E15B3200BCE1F2 /* Build configuration list for PBXProject "ABN-IOS-APP" */;
			compatibilityVersion = "Xcode 3.2";
			developmentRegion = English;
			hasScannedForEncodings = 0;
			knownRegions = (
				en,
			);
			mainGroup = 0143426B17E15B3200BCE1F2;
			productRefGroup = 0143427517E15B3200BCE1F2 /* Products */;
			projectDirPath = "";
			projectRoot = "";
			targets = (
				0143427317E15B3200BCE1F2 /* ABN-IOS-APP */,
				014342A717E15B3200BCE1F2 /* ABN-IOS-APPTests */,
			);
		};
/* End PBXProject section */

/* Begin PBXResourcesBuildPhase section */
		0143427217E15B3200BCE1F2 /* Resources */ = {
			isa = PBXResourcesBuildPhase;
			buildActionMask = 2147483647;
			files = (
				0143428217E15B3200BCE1F2 /* InfoPlist.strings in Resources */,
				0143428A17E15B3200BCE1F2 /* Default.png in Resources */,
				0143428C17E15B3200BCE1F2 /* Default@2x.png in Resources */,
				0143428E17E15B3200BCE1F2 /* Default-568h@2x.png in Resources */,
				0143429117E15B3200BCE1F2 /* MainStoryboard_iPhone.storyboard in Resources */,
				0143429417E15B3200BCE1F2 /* MainStoryboard_iPad.storyboard in Resources */,
				0143429917E15B3200BCE1F2 /* first.png in Resources */,
				0143429B17E15B3200BCE1F2 /* first@2x.png in Resources */,
				014342A017E15B3200BCE1F2 /* second.png in Resources */,
				014342A217E15B3200BCE1F2 /* second@2x.png in Resources */,
				01D5C9E217E28E1C00BA90A4 /* abn-globe-logo.png in Resources */,
				01D5C9E417E28FE800BA90A4 /* donate-thumbnail.png in Resources */,
				01D5C9E617E2904300BA90A4 /* contact-thumbnail.png in Resources */,
				01D5C9E817E290A400BA90A4 /* watch-thumbnail.png in Resources */,
				01D5C9EA17E290E000BA90A4 /* youtube-thumbnail.png in Resources */,
				01D5C9EC17E2911E00BA90A4 /* elipses-thumbnail.png in Resources */,
				01D5C9F717E2971500BA90A4 /* contact-thumb@2x.png in Resources */,
				01D5C9F817E2971500BA90A4 /* contact-thumb.png in Resources */,
				01D5C9FA17E2971500BA90A4 /* donate-thumb@2x.png in Resources */,
				01D5C9FB17E2971500BA90A4 /* elipses-thumb@2x.png in Resources */,
				01D5C9FC17E2971500BA90A4 /* elipses-thumb.png in Resources */,
				01D5C9FD17E2971500BA90A4 /* watch-thumb@2x.png in Resources */,
				01D5C9FE17E2971500BA90A4 /* watch-thumb.png in Resources */,
				01D5C9FF17E2971500BA90A4 /* youtube-thumb@2x.png in Resources */,
				01D5CA0617E2984E00BA90A4 /* youtube-thumb.png in Resources */,
				01D5CA0817E298D900BA90A4 /* donate-thumb.png in Resources */,
			);
			runOnlyForDeploymentPostprocessing = 0;
		};
		014342A517E15B3200BCE1F2 /* Resources */ = {
			isa = PBXResourcesBuildPhase;
			buildActionMask = 2147483647;
			files = (
				014342B417E15B3200BCE1F2 /* InfoPlist.strings in Resources */,
			);
			runOnlyForDeploymentPostprocessing = 0;
		};
/* End PBXResourcesBuildPhase section */

/* Begin PBXShellScriptBuildPhase section */
		014342A617E15B3200BCE1F2 /* ShellScript */ = {
			isa = PBXShellScriptBuildPhase;
			buildActionMask = 2147483647;
			files = (
			);
			inputPaths = (
			);
			outputPaths = (
			);
			runOnlyForDeploymentPostprocessing = 0;
			shellPath = /bin/sh;
			shellScript = "# Run the unit tests in this test bundle.\n\"${SYSTEM_DEVELOPER_DIR}/Tools/RunUnitTests\"\n";
		};
/* End PBXShellScriptBuildPhase section */

/* Begin PBXSourcesBuildPhase section */
		0143427017E15B3200BCE1F2 /* Sources */ = {
			isa = PBXSourcesBuildPhase;
			buildActionMask = 2147483647;
			files = (
				0143428417E15B3200BCE1F2 /* main.m in Sources */,
				0143428817E15B3200BCE1F2 /* AppDelegate.m in Sources */,
				0143429717E15B3200BCE1F2 /* FirstViewController.m in Sources */,
				0143429E17E15B3200BCE1F2 /* SecondViewController.m in Sources */,
				01D5CA0B17E2A1EA00BA90A4 /* WatchViewController.m in Sources */,
				01D5CA0E17E2A38800BA90A4 /* YouTubeChannelViewController.m in Sources */,
				01119DEB17E2A85800D96130 /* GetInvolvedViewController.m in Sources */,
				01119DEE17E2A8BF00D96130 /* MoreViewController.m in Sources */,
			);
			runOnlyForDeploymentPostprocessing = 0;
		};
		014342A317E15B3200BCE1F2 /* Sources */ = {
			isa = PBXSourcesBuildPhase;
			buildActionMask = 2147483647;
			files = (
				014342B717E15B3200BCE1F2 /* ABN_IOS_APPTests.m in Sources */,
			);
			runOnlyForDeploymentPostprocessing = 0;
		};
/* End PBXSourcesBuildPhase section */

/* Begin PBXTargetDependency section */
		014342AE17E15B3200BCE1F2 /* PBXTargetDependency */ = {
			isa = PBXTargetDependency;
			target = 0143427317E15B3200BCE1F2 /* ABN-IOS-APP */;
			targetProxy = 014342AD17E15B3200BCE1F2 /* PBXContainerItemProxy */;
		};
/* End PBXTargetDependency section */

/* Begin PBXVariantGroup section */
		0143428017E15B3200BCE1F2 /* InfoPlist.strings */ = {
			isa = PBXVariantGroup;
			children = (
				0143428117E15B3200BCE1F2 /* en */,
			);
			name = InfoPlist.strings;
			sourceTree = "<group>";
		};
		0143428F17E15B3200BCE1F2 /* MainStoryboard_iPhone.storyboard */ = {
			isa = PBXVariantGroup;
			children = (
				0143429017E15B3200BCE1F2 /* en */,
			);
			name = MainStoryboard_iPhone.storyboard;
			sourceTree = "<group>";
		};
		0143429217E15B3200BCE1F2 /* MainStoryboard_iPad.storyboard */ = {
			isa = PBXVariantGroup;
			children = (
				0143429317E15B3200BCE1F2 /* en */,
			);
			name = MainStoryboard_iPad.storyboard;
			sourceTree = "<group>";
		};
		014342B217E15B3200BCE1F2 /* InfoPlist.strings */ = {
			isa = PBXVariantGroup;
			children = (
				014342B317E15B3200BCE1F2 /* en */,
			);
			name = InfoPlist.strings;
			sourceTree = "<group>";
		};
/* End PBXVariantGroup section */

/* Begin XCBuildConfiguration section */
		014342B817E15B3200BCE1F2 /* Debug */ = {
			isa = XCBuildConfiguration;
			buildSettings = {
				ALWAYS_SEARCH_USER_PATHS = NO;
				CLANG_CXX_LANGUAGE_STANDARD = "gnu++0x";
				CLANG_CXX_LIBRARY = "libc++";
				CLANG_ENABLE_OBJC_ARC = YES;
				CLANG_WARN_CONSTANT_CONVERSION = YES;
				CLANG_WARN_EMPTY_BODY = YES;
				CLANG_WARN_ENUM_CONVERSION = YES;
				CLANG_WARN_INT_CONVERSION = YES;
				CLANG_WARN__DUPLICATE_METHOD_MATCH = YES;
				"CODE_SIGN_IDENTITY[sdk=iphoneos*]" = "iPhone Developer";
				COPY_PHASE_STRIP = NO;
				GCC_C_LANGUAGE_STANDARD = gnu99;
				GCC_DYNAMIC_NO_PIC = NO;
				GCC_OPTIMIZATION_LEVEL = 0;
				GCC_PREPROCESSOR_DEFINITIONS = (
					"DEBUG=1",
					"$(inherited)",
				);
				GCC_SYMBOLS_PRIVATE_EXTERN = NO;
				GCC_WARN_ABOUT_RETURN_TYPE = YES;
				GCC_WARN_UNINITIALIZED_AUTOS = YES;
				GCC_WARN_UNUSED_VARIABLE = YES;
				IPHONEOS_DEPLOYMENT_TARGET = 6.1;
				ONLY_ACTIVE_ARCH = YES;
				SDKROOT = iphoneos;
				TARGETED_DEVICE_FAMILY = "1,2";
			};
			name = Debug;
		};
		014342B917E15B3200BCE1F2 /* Release */ = {
			isa = XCBuildConfiguration;
			buildSettings = {
				ALWAYS_SEARCH_USER_PATHS = NO;
				CLANG_CXX_LANGUAGE_STANDARD = "gnu++0x";
				CLANG_CXX_LIBRARY = "libc++";
				CLANG_ENABLE_OBJC_ARC = YES;
				CLANG_WARN_CONSTANT_CONVERSION = YES;
				CLANG_WARN_EMPTY_BODY = YES;
				CLANG_WARN_ENUM_CONVERSION = YES;
				CLANG_WARN_INT_CONVERSION = YES;
				CLANG_WARN__DUPLICATE_METHOD_MATCH = YES;
				"CODE_SIGN_IDENTITY[sdk=iphoneos*]" = "iPhone Developer";
				COPY_PHASE_STRIP = YES;
				GCC_C_LANGUAGE_STANDARD = gnu99;
				GCC_WARN_ABOUT_RETURN_TYPE = YES;
				GCC_WARN_UNINITIALIZED_AUTOS = YES;
				GCC_WARN_UNUSED_VARIABLE = YES;
				IPHONEOS_DEPLOYMENT_TARGET = 6.1;
				OTHER_CFLAGS = "-DNS_BLOCK_ASSERTIONS=1";
				SDKROOT = iphoneos;
				TARGETED_DEVICE_FAMILY = "1,2";
				VALIDATE_PRODUCT = YES;
			};
			name = Release;
		};
		014342BB17E15B3200BCE1F2 /* Debug */ = {
			isa = XCBuildConfiguration;
			buildSettings = {
				GCC_PRECOMPILE_PREFIX_HEADER = YES;
				GCC_PREFIX_HEADER = "ABN-IOS-APP/ABN-IOS-APP-Prefix.pch";
				INFOPLIST_FILE = "ABN-IOS-APP/ABN-IOS-APP-Info.plist";
				PRODUCT_NAME = "$(TARGET_NAME)";
				WRAPPER_EXTENSION = app;
			};
			name = Debug;
		};
		014342BC17E15B3200BCE1F2 /* Release */ = {
			isa = XCBuildConfiguration;
			buildSettings = {
				GCC_PRECOMPILE_PREFIX_HEADER = YES;
				GCC_PREFIX_HEADER = "ABN-IOS-APP/ABN-IOS-APP-Prefix.pch";
				INFOPLIST_FILE = "ABN-IOS-APP/ABN-IOS-APP-Info.plist";
				PRODUCT_NAME = "$(TARGET_NAME)";
				WRAPPER_EXTENSION = app;
			};
			name = Release;
		};
		014342BE17E15B3200BCE1F2 /* Debug */ = {
			isa = XCBuildConfiguration;
			buildSettings = {
				BUNDLE_LOADER = "$(BUILT_PRODUCTS_DIR)/ABN-IOS-APP.app/ABN-IOS-APP";
				FRAMEWORK_SEARCH_PATHS = (
					"\"$(SDKROOT)/Developer/Library/Frameworks\"",
					"\"$(DEVELOPER_LIBRARY_DIR)/Frameworks\"",
				);
				GCC_PRECOMPILE_PREFIX_HEADER = YES;
				GCC_PREFIX_HEADER = "ABN-IOS-APP/ABN-IOS-APP-Prefix.pch";
				INFOPLIST_FILE = "ABN-IOS-APPTests/ABN-IOS-APPTests-Info.plist";
				PRODUCT_NAME = "$(TARGET_NAME)";
				TEST_HOST = "$(BUNDLE_LOADER)";
				WRAPPER_EXTENSION = octest;
			};
			name = Debug;
		};
		014342BF17E15B3200BCE1F2 /* Release */ = {
			isa = XCBuildConfiguration;
			buildSettings = {
				BUNDLE_LOADER = "$(BUILT_PRODUCTS_DIR)/ABN-IOS-APP.app/ABN-IOS-APP";
				FRAMEWORK_SEARCH_PATHS = (
					"\"$(SDKROOT)/Developer/Library/Frameworks\"",
					"\"$(DEVELOPER_LIBRARY_DIR)/Frameworks\"",
				);
				GCC_PRECOMPILE_PREFIX_HEADER = YES;
				GCC_PREFIX_HEADER = "ABN-IOS-APP/ABN-IOS-APP-Prefix.pch";
				INFOPLIST_FILE = "ABN-IOS-APPTests/ABN-IOS-APPTests-Info.plist";
				PRODUCT_NAME = "$(TARGET_NAME)";
				TEST_HOST = "$(BUNDLE_LOADER)";
				WRAPPER_EXTENSION = octest;
			};
			name = Release;
		};
/* End XCBuildConfiguration section */

/* Begin XCConfigurationList section */
		0143426F17E15B3200BCE1F2 /* Build configuration list for PBXProject "ABN-IOS-APP" */ = {
			isa = XCConfigurationList;
			buildConfigurations = (
				014342B817E15B3200BCE1F2 /* Debug */,
				014342B917E15B3200BCE1F2 /* Release */,
			);
			defaultConfigurationIsVisible = 0;
			defaultConfigurationName = Release;
		};
		014342BA17E15B3200BCE1F2 /* Build configuration list for PBXNativeTarget "ABN-IOS-APP" */ = {
			isa = XCConfigurationList;
			buildConfigurations = (
				014342BB17E15B3200BCE1F2 /* Debug */,
				014342BC17E15B3200BCE1F2 /* Release */,
			);
			defaultConfigurationIsVisible = 0;
			defaultConfigurationName = Release;
		};
		014342BD17E15B3200BCE1F2 /* Build configuration list for PBXNativeTarget "ABN-IOS-APPTests" */ = {
			isa = XCConfigurationList;
			buildConfigurations = (
				014342BE17E15B3200BCE1F2 /* Debug */,
				014342BF17E15B3200BCE1F2 /* Release */,
			);
			defaultConfigurationIsVisible = 0;
			defaultConfigurationName = Release;
		};
/* End XCConfigurationList section */
	};
	rootObject = 0143426C17E15B3200BCE1F2 /* Project object */;
}
